// !$*UTF8*$!
{
	archiveVersion = 1;
	classes = {
	};
	objectVersion = 46;
	objects = {

/* Begin PBXBuildFile section */
		43C234601922A17B006ED96E /* Foundation.framework in Frameworks */ = {isa = PBXBuildFile; fileRef = 43C2345F1922A17B006ED96E /* Foundation.framework */; };
		43C234621922A17B006ED96E /* CoreGraphics.framework in Frameworks */ = {isa = PBXBuildFile; fileRef = 43C234611922A17B006ED96E /* CoreGraphics.framework */; };
		43C234641922A17B006ED96E /* UIKit.framework in Frameworks */ = {isa = PBXBuildFile; fileRef = 43C234631922A17B006ED96E /* UIKit.framework */; };
		43C2346A1922A17B006ED96E /* InfoPlist.strings in Resources */ = {isa = PBXBuildFile; fileRef = 43C234681922A17B006ED96E /* InfoPlist.strings */; };
		43C2346C1922A17B006ED96E /* main.m in Sources */ = {isa = PBXBuildFile; fileRef = 43C2346B1922A17B006ED96E /* main.m */; };
		43C234701922A17B006ED96E /* WCAppDelegate.m in Sources */ = {isa = PBXBuildFile; fileRef = 43C2346F1922A17B006ED96E /* WCAppDelegate.m */; };
		43C234731922A17B006ED96E /* Main_iPhone.storyboard in Resources */ = {isa = PBXBuildFile; fileRef = 43C234711922A17B006ED96E /* Main_iPhone.storyboard */; };
		43C234761922A17B006ED96E /* Main_iPad.storyboard in Resources */ = {isa = PBXBuildFile; fileRef = 43C234741922A17B006ED96E /* Main_iPad.storyboard */; };
		43C234791922A17B006ED96E /* WCViewController.m in Sources */ = {isa = PBXBuildFile; fileRef = 43C234781922A17B006ED96E /* WCViewController.m */; };
		43C2347B1922A17B006ED96E /* Images.xcassets in Resources */ = {isa = PBXBuildFile; fileRef = 43C2347A1922A17B006ED96E /* Images.xcassets */; };
		43C234821922A17C006ED96E /* XCTest.framework in Frameworks */ = {isa = PBXBuildFile; fileRef = 43C234811922A17C006ED96E /* XCTest.framework */; };
		43C234831922A17C006ED96E /* Foundation.framework in Frameworks */ = {isa = PBXBuildFile; fileRef = 43C2345F1922A17B006ED96E /* Foundation.framework */; };
		43C234841922A17C006ED96E /* UIKit.framework in Frameworks */ = {isa = PBXBuildFile; fileRef = 43C234631922A17B006ED96E /* UIKit.framework */; };
		43C2348C1922A17C006ED96E /* InfoPlist.strings in Resources */ = {isa = PBXBuildFile; fileRef = 43C2348A1922A17C006ED96E /* InfoPlist.strings */; };
		43C2348E1922A17C006ED96E /* world_cup_brazilTests.m in Sources */ = {isa = PBXBuildFile; fileRef = 43C2348D1922A17C006ED96E /* world_cup_brazilTests.m */; };
/* End PBXBuildFile section */

/* Begin PBXContainerItemProxy section */
		43C234851922A17C006ED96E /* PBXContainerItemProxy */ = {
			isa = PBXContainerItemProxy;
			containerPortal = 43C234541922A17B006ED96E /* Project object */;
			proxyType = 1;
			remoteGlobalIDString = 43C2345B1922A17B006ED96E;
			remoteInfo = "world-cup-brazil";
		};
/* End PBXContainerItemProxy section */

/* Begin PBXFileReference section */
		43C2345C1922A17B006ED96E /* world-cup-brazil.app */ = {isa = PBXFileReference; explicitFileType = wrapper.application; includeInIndex = 0; path = "world-cup-brazil.app"; sourceTree = BUILT_PRODUCTS_DIR; };
		43C2345F1922A17B006ED96E /* Foundation.framework */ = {isa = PBXFileReference; lastKnownFileType = wrapper.framework; name = Foundation.framework; path = System/Library/Frameworks/Foundation.framework; sourceTree = SDKROOT; };
		43C234611922A17B006ED96E /* CoreGraphics.framework */ = {isa = PBXFileReference; lastKnownFileType = wrapper.framework; name = CoreGraphics.framework; path = System/Library/Frameworks/CoreGraphics.framework; sourceTree = SDKROOT; };
		43C234631922A17B006ED96E /* UIKit.framework */ = {isa = PBXFileReference; lastKnownFileType = wrapper.framework; name = UIKit.framework; path = System/Library/Frameworks/UIKit.framework; sourceTree = SDKROOT; };
		43C234671922A17B006ED96E /* world-cup-brazil-Info.plist */ = {isa = PBXFileReference; lastKnownFileType = text.plist.xml; path = "world-cup-brazil-Info.plist"; sourceTree = "<group>"; };
		43C234691922A17B006ED96E /* en */ = {isa = PBXFileReference; lastKnownFileType = text.plist.strings; name = en; path = en.lproj/InfoPlist.strings; sourceTree = "<group>"; };
		43C2346B1922A17B006ED96E /* main.m */ = {isa = PBXFileReference; lastKnownFileType = sourcecode.c.objc; path = main.m; sourceTree = "<group>"; };
		43C2346D1922A17B006ED96E /* world-cup-brazil-Prefix.pch */ = {isa = PBXFileReference; lastKnownFileType = sourcecode.c.h; path = "world-cup-brazil-Prefix.pch"; sourceTree = "<group>"; };
		43C2346E1922A17B006ED96E /* WCAppDelegate.h */ = {isa = PBXFileReference; lastKnownFileType = sourcecode.c.h; path = WCAppDelegate.h; sourceTree = "<group>"; };
		43C2346F1922A17B006ED96E /* WCAppDelegate.m */ = {isa = PBXFileReference; lastKnownFileType = sourcecode.c.objc; path = WCAppDelegate.m; sourceTree = "<group>"; };
		43C234721922A17B006ED96E /* Base */ = {isa = PBXFileReference; lastKnownFileType = file.storyboard; name = Base; path = Base.lproj/Main_iPhone.storyboard; sourceTree = "<group>"; };
		43C234751922A17B006ED96E /* Base */ = {isa = PBXFileReference; lastKnownFileType = file.storyboard; name = Base; path = Base.lproj/Main_iPad.storyboard; sourceTree = "<group>"; };
		43C234771922A17B006ED96E /* WCViewController.h */ = {isa = PBXFileReference; lastKnownFileType = sourcecode.c.h; path = WCViewController.h; sourceTree = "<group>"; };
		43C234781922A17B006ED96E /* WCViewController.m */ = {isa = PBXFileReference; lastKnownFileType = sourcecode.c.objc; path = WCViewController.m; sourceTree = "<group>"; };
		43C2347A1922A17B006ED96E /* Images.xcassets */ = {isa = PBXFileReference; lastKnownFileType = folder.assetcatalog; path = Images.xcassets; sourceTree = "<group>"; };
		43C234801922A17C006ED96E /* world-cup-brazilTests.xctest */ = {isa = PBXFileReference; explicitFileType = wrapper.cfbundle; includeInIndex = 0; path = "world-cup-brazilTests.xctest"; sourceTree = BUILT_PRODUCTS_DIR; };
		43C234811922A17C006ED96E /* XCTest.framework */ = {isa = PBXFileReference; lastKnownFileType = wrapper.framework; name = XCTest.framework; path = Library/Frameworks/XCTest.framework; sourceTree = DEVELOPER_DIR; };
		43C234891922A17C006ED96E /* world-cup-brazilTests-Info.plist */ = {isa = PBXFileReference; lastKnownFileType = text.plist.xml; path = "world-cup-brazilTests-Info.plist"; sourceTree = "<group>"; };
		43C2348B1922A17C006ED96E /* en */ = {isa = PBXFileReference; lastKnownFileType = text.plist.strings; name = en; path = en.lproj/InfoPlist.strings; sourceTree = "<group>"; };
		43C2348D1922A17C006ED96E /* world_cup_brazilTests.m */ = {isa = PBXFileReference; lastKnownFileType = sourcecode.c.objc; path = world_cup_brazilTests.m; sourceTree = "<group>"; };
/* End PBXFileReference section */

/* Begin PBXFrameworksBuildPhase section */
		43C234591922A17B006ED96E /* Frameworks */ = {
			isa = PBXFrameworksBuildPhase;
			buildActionMask = 2147483647;
			files = (
				43C234621922A17B006ED96E /* CoreGraphics.framework in Frameworks */,
				43C234641922A17B006ED96E /* UIKit.framework in Frameworks */,
				43C234601922A17B006ED96E /* Foundation.framework in Frameworks */,
			);
			runOnlyForDeploymentPostprocessing = 0;
		};
		43C2347D1922A17C006ED96E /* Frameworks */ = {
			isa = PBXFrameworksBuildPhase;
			buildActionMask = 2147483647;
			files = (
				43C234821922A17C006ED96E /* XCTest.framework in Frameworks */,
				43C234841922A17C006ED96E /* UIKit.framework in Frameworks */,
				43C234831922A17C006ED96E /* Foundation.framework in Frameworks */,
			);
			runOnlyForDeploymentPostprocessing = 0;
		};
/* End PBXFrameworksBuildPhase section */

/* Begin PBXGroup section */
		43C234531922A17B006ED96E = {
			isa = PBXGroup;
			children = (
				43C234651922A17B006ED96E /* world-cup-brazil */,
				43C234871922A17C006ED96E /* world-cup-brazilTests */,
				43C2345E1922A17B006ED96E /* Frameworks */,
				43C2345D1922A17B006ED96E /* Products */,
			);
			sourceTree = "<group>";
		};
		43C2345D1922A17B006ED96E /* Products */ = {
			isa = PBXGroup;
			children = (
				43C2345C1922A17B006ED96E /* world-cup-brazil.app */,
				43C234801922A17C006ED96E /* world-cup-brazilTests.xctest */,
			);
			name = Products;
			sourceTree = "<group>";
		};
		43C2345E1922A17B006ED96E /* Frameworks */ = {
			isa = PBXGroup;
			children = (
				43C2345F1922A17B006ED96E /* Foundation.framework */,
				43C234611922A17B006ED96E /* CoreGraphics.framework */,
				43C234631922A17B006ED96E /* UIKit.framework */,
				43C234811922A17C006ED96E /* XCTest.framework */,
			);
			name = Frameworks;
			sourceTree = "<group>";
		};
		43C234651922A17B006ED96E /* world-cup-brazil */ = {
			isa = PBXGroup;
			children = (
				43C2346E1922A17B006ED96E /* WCAppDelegate.h */,
				43C2346F1922A17B006ED96E /* WCAppDelegate.m */,
				43C234711922A17B006ED96E /* Main_iPhone.storyboard */,
				43C234741922A17B006ED96E /* Main_iPad.storyboard */,
				43C234771922A17B006ED96E /* WCViewController.h */,
				43C234781922A17B006ED96E /* WCViewController.m */,
				43C2347A1922A17B006ED96E /* Images.xcassets */,
				43C234661922A17B006ED96E /* Supporting Files */,
			);
			path = "world-cup-brazil";
			sourceTree = "<group>";
		};
		43C234661922A17B006ED96E /* Supporting Files */ = {
			isa = PBXGroup;
			children = (
				43C234671922A17B006ED96E /* world-cup-brazil-Info.plist */,
				43C234681922A17B006ED96E /* InfoPlist.strings */,
				43C2346B1922A17B006ED96E /* main.m */,
				43C2346D1922A17B006ED96E /* world-cup-brazil-Prefix.pch */,
			);
			name = "Supporting Files";
			sourceTree = "<group>";
		};
		43C234871922A17C006ED96E /* world-cup-brazilTests */ = {
			isa = PBXGroup;
			children = (
				43C2348D1922A17C006ED96E /* world_cup_brazilTests.m */,
				43C234881922A17C006ED96E /* Supporting Files */,
			);
			path = "world-cup-brazilTests";
			sourceTree = "<group>";
		};
		43C234881922A17C006ED96E /* Supporting Files */ = {
			isa = PBXGroup;
			children = (
				43C234891922A17C006ED96E /* world-cup-brazilTests-Info.plist */,
				43C2348A1922A17C006ED96E /* InfoPlist.strings */,
			);
			name = "Supporting Files";
			sourceTree = "<group>";
		};
/* End PBXGroup section */

/* Begin PBXNativeTarget section */
		43C2345B1922A17B006ED96E /* world-cup-brazil */ = {
			isa = PBXNativeTarget;
			buildConfigurationList = 43C234911922A17C006ED96E /* Build configuration list for PBXNativeTarget "world-cup-brazil" */;
			buildPhases = (
				43C234581922A17B006ED96E /* Sources */,
				43C234591922A17B006ED96E /* Frameworks */,
				43C2345A1922A17B006ED96E /* Resources */,
			);
			buildRules = (
			);
			dependencies = (
			);
			name = "world-cup-brazil";
			productName = "world-cup-brazil";
			productReference = 43C2345C1922A17B006ED96E /* world-cup-brazil.app */;
			productType = "com.apple.product-type.application";
		};
		43C2347F1922A17C006ED96E /* world-cup-brazilTests */ = {
			isa = PBXNativeTarget;
			buildConfigurationList = 43C234941922A17C006ED96E /* Build configuration list for PBXNativeTarget "world-cup-brazilTests" */;
			buildPhases = (
				43C2347C1922A17C006ED96E /* Sources */,
				43C2347D1922A17C006ED96E /* Frameworks */,
				43C2347E1922A17C006ED96E /* Resources */,
			);
			buildRules = (
			);
			dependencies = (
				43C234861922A17C006ED96E /* PBXTargetDependency */,
			);
			name = "world-cup-brazilTests";
			productName = "world-cup-brazilTests";
			productReference = 43C234801922A17C006ED96E /* world-cup-brazilTests.xctest */;
			productType = "com.apple.product-type.bundle.unit-test";
		};
/* End PBXNativeTarget section */

/* Begin PBXProject section */
		43C234541922A17B006ED96E /* Project object */ = {
			isa = PBXProject;
			attributes = {
				CLASSPREFIX = WC;
				LastUpgradeCheck = 0510;
				ORGANIZATIONNAME = hlpth;
				TargetAttributes = {
					43C2347F1922A17C006ED96E = {
						TestTargetID = 43C2345B1922A17B006ED96E;
					};
				};
			};
			buildConfigurationList = 43C234571922A17B006ED96E /* Build configuration list for PBXProject "world-cup-brazil" */;
			compatibilityVersion = "Xcode 3.2";
			developmentRegion = English;
			hasScannedForEncodings = 0;
			knownRegions = (
				en,
				Base,
			);
			mainGroup = 43C234531922A17B006ED96E;
			productRefGroup = 43C2345D1922A17B006ED96E /* Products */;
			projectDirPath = "";
			projectRoot = "";
			targets = (
				43C2345B1922A17B006ED96E /* world-cup-brazil */,
				43C2347F1922A17C006ED96E /* world-cup-brazilTests */,
			);
		};
/* End PBXProject section */

/* Begin PBXResourcesBuildPhase section */
		43C2345A1922A17B006ED96E /* Resources */ = {
			isa = PBXResourcesBuildPhase;
			buildActionMask = 2147483647;
			files = (
				43C234761922A17B006ED96E /* Main_iPad.storyboard in Resources */,
				43C2347B1922A17B006ED96E /* Images.xcassets in Resources */,
				43C234731922A17B006ED96E /* Main_iPhone.storyboard in Resources */,
				43C2346A1922A17B006ED96E /* InfoPlist.strings in Resources */,
			);
			runOnlyForDeploymentPostprocessing = 0;
		};
		43C2347E1922A17C006ED96E /* Resources */ = {
			isa = PBXResourcesBuildPhase;
			buildActionMask = 2147483647;
			files = (
				43C2348C1922A17C006ED96E /* InfoPlist.strings in Resources */,
			);
			runOnlyForDeploymentPostprocessing = 0;
		};
/* End PBXResourcesBuildPhase section */

/* Begin PBXSourcesBuildPhase section */
		43C234581922A17B006ED96E /* Sources */ = {
			isa = PBXSourcesBuildPhase;
			buildActionMask = 2147483647;
			files = (
				43C234791922A17B006ED96E /* WCViewController.m in Sources */,
				43C234701922A17B006ED96E /* WCAppDelegate.m in Sources */,
				43C2346C1922A17B006ED96E /* main.m in Sources */,
			);
			runOnlyForDeploymentPostprocessing = 0;
		};
		43C2347C1922A17C006ED96E /* Sources */ = {
			isa = PBXSourcesBuildPhase;
			buildActionMask = 2147483647;
			files = (
				43C2348E1922A17C006ED96E /* world_cup_brazilTests.m in Sources */,
			);
			runOnlyForDeploymentPostprocessing = 0;
		};
/* End PBXSourcesBuildPhase section */

/* Begin PBXTargetDependency section */
		43C234861922A17C006ED96E /* PBXTargetDependency */ = {
			isa = PBXTargetDependency;
			target = 43C2345B1922A17B006ED96E /* world-cup-brazil */;
			targetProxy = 43C234851922A17C006ED96E /* PBXContainerItemProxy */;
		};
/* End PBXTargetDependency section */

/* Begin PBXVariantGroup section */
		43C234681922A17B006ED96E /* InfoPlist.strings */ = {
			isa = PBXVariantGroup;
			children = (
				43C234691922A17B006ED96E /* en */,
			);
			name = InfoPlist.strings;
			sourceTree = "<group>";
		};
		43C234711922A17B006ED96E /* Main_iPhone.storyboard */ = {
			isa = PBXVariantGroup;
			children = (
				43C234721922A17B006ED96E /* Base */,
			);
			name = Main_iPhone.storyboard;
			sourceTree = "<group>";
		};
		43C234741922A17B006ED96E /* Main_iPad.storyboard */ = {
			isa = PBXVariantGroup;
			children = (
				43C234751922A17B006ED96E /* Base */,
			);
			name = Main_iPad.storyboard;
			sourceTree = "<group>";
		};
		43C2348A1922A17C006ED96E /* InfoPlist.strings */ = {
			isa = PBXVariantGroup;
			children = (
				43C2348B1922A17C006ED96E /* en */,
			);
			name = InfoPlist.strings;
			sourceTree = "<group>";
		};
/* End PBXVariantGroup section */

/* Begin XCBuildConfiguration section */
		43C2348F1922A17C006ED96E /* Debug */ = {
			isa = XCBuildConfiguration;
			buildSettings = {
				ALWAYS_SEARCH_USER_PATHS = NO;
				CLANG_CXX_LANGUAGE_STANDARD = "gnu++0x";
				CLANG_CXX_LIBRARY = "libc++";
				CLANG_ENABLE_MODULES = YES;
				CLANG_ENABLE_OBJC_ARC = YES;
				CLANG_WARN_BOOL_CONVERSION = YES;
				CLANG_WARN_CONSTANT_CONVERSION = YES;
				CLANG_WARN_DIRECT_OBJC_ISA_USAGE = YES_ERROR;
				CLANG_WARN_EMPTY_BODY = YES;
				CLANG_WARN_ENUM_CONVERSION = YES;
				CLANG_WARN_INT_CONVERSION = YES;
				CLANG_WARN_OBJC_ROOT_CLASS = YES_ERROR;
				CLANG_WARN__DUPLICATE_METHOD_MATCH = YES;
				"CODE_SIGN_IDENTITY[sdk=iphoneos*]" = "iPhone Developer";
				COPY_PHASE_STRIP = NO;
				GCC_C_LANGUAGE_STANDARD = gnu99;
				GCC_DYNAMIC_NO_PIC = NO;
				GCC_OPTIMIZATION_LEVEL = 0;
				GCC_PREPROCESSOR_DEFINITIONS = (
					"DEBUG=1",
					"$(inherited)",
				);
				GCC_SYMBOLS_PRIVATE_EXTERN = NO;
				GCC_WARN_64_TO_32_BIT_CONVERSION = YES;
				GCC_WARN_ABOUT_RETURN_TYPE = YES_ERROR;
				GCC_WARN_UNDECLARED_SELECTOR = YES;
				GCC_WARN_UNINITIALIZED_AUTOS = YES_AGGRESSIVE;
				GCC_WARN_UNUSED_FUNCTION = YES;
				GCC_WARN_UNUSED_VARIABLE = YES;
				IPHONEOS_DEPLOYMENT_TARGET = 7.1;
				ONLY_ACTIVE_ARCH = YES;
				SDKROOT = iphoneos;
				TARGETED_DEVICE_FAMILY = "1,2";
			};
			name = Debug;
		};
		43C234901922A17C006ED96E /* Release */ = {
			isa = XCBuildConfiguration;
			buildSettings = {
				ALWAYS_SEARCH_USER_PATHS = NO;
				CLANG_CXX_LANGUAGE_STANDARD = "gnu++0x";
				CLANG_CXX_LIBRARY = "libc++";
				CLANG_ENABLE_MODULES = YES;
				CLANG_ENABLE_OBJC_ARC = YES;
				CLANG_WARN_BOOL_CONVERSION = YES;
				CLANG_WARN_CONSTANT_CONVERSION = YES;
				CLANG_WARN_DIRECT_OBJC_ISA_USAGE = YES_ERROR;
				CLANG_WARN_EMPTY_BODY = YES;
				CLANG_WARN_ENUM_CONVERSION = YES;
				CLANG_WARN_INT_CONVERSION = YES;
				CLANG_WARN_OBJC_ROOT_CLASS = YES_ERROR;
				CLANG_WARN__DUPLICATE_METHOD_MATCH = YES;
				"CODE_SIGN_IDENTITY[sdk=iphoneos*]" = "iPhone Developer";
				COPY_PHASE_STRIP = YES;
				ENABLE_NS_ASSERTIONS = NO;
				GCC_C_LANGUAGE_STANDARD = gnu99;
				GCC_WARN_64_TO_32_BIT_CONVERSION = YES;
				GCC_WARN_ABOUT_RETURN_TYPE = YES_ERROR;
				GCC_WARN_UNDECLARED_SELECTOR = YES;
				GCC_WARN_UNINITIALIZED_AUTOS = YES_AGGRESSIVE;
				GCC_WARN_UNUSED_FUNCTION = YES;
				GCC_WARN_UNUSED_VARIABLE = YES;
				IPHONEOS_DEPLOYMENT_TARGET = 7.1;
				SDKROOT = iphoneos;
				TARGETED_DEVICE_FAMILY = "1,2";
				VALIDATE_PRODUCT = YES;
			};
			name = Release;
		};
		43C234921922A17C006ED96E /* Debug */ = {
			isa = XCBuildConfiguration;
			buildSettings = {
				ASSETCATALOG_COMPILER_APPICON_NAME = AppIcon;
				ASSETCATALOG_COMPILER_LAUNCHIMAGE_NAME = LaunchImage;
				GCC_PRECOMPILE_PREFIX_HEADER = YES;
				GCC_PREFIX_HEADER = "world-cup-brazil/world-cup-brazil-Prefix.pch";
				INFOPLIST_FILE = "world-cup-brazil/world-cup-brazil-Info.plist";
				PRODUCT_NAME = "$(TARGET_NAME)";
				WRAPPER_EXTENSION = app;
			};
			name = Debug;
		};
		43C234931922A17C006ED96E /* Release */ = {
			isa = XCBuildConfiguration;
			buildSettings = {
				ASSETCATALOG_COMPILER_APPICON_NAME = AppIcon;
				ASSETCATALOG_COMPILER_LAUNCHIMAGE_NAME = LaunchImage;
				GCC_PRECOMPILE_PREFIX_HEADER = YES;
				GCC_PREFIX_HEADER = "world-cup-brazil/world-cup-brazil-Prefix.pch";
				INFOPLIST_FILE = "world-cup-brazil/world-cup-brazil-Info.plist";
				PRODUCT_NAME = "$(TARGET_NAME)";
				WRAPPER_EXTENSION = app;
			};
			name = Release;
		};
		43C234951922A17C006ED96E /* Debug */ = {
			isa = XCBuildConfiguration;
			buildSettings = {
				BUNDLE_LOADER = "$(BUILT_PRODUCTS_DIR)/world-cup-brazil.app/world-cup-brazil";
				FRAMEWORK_SEARCH_PATHS = (
					"$(SDKROOT)/Developer/Library/Frameworks",
					"$(inherited)",
					"$(DEVELOPER_FRAMEWORKS_DIR)",
				);
				GCC_PRECOMPILE_PREFIX_HEADER = YES;
				GCC_PREFIX_HEADER = "world-cup-brazil/world-cup-brazil-Prefix.pch";
				GCC_PREPROCESSOR_DEFINITIONS = (
					"DEBUG=1",
					"$(inherited)",
				);
				INFOPLIST_FILE = "world-cup-brazilTests/world-cup-brazilTests-Info.plist";
				PRODUCT_NAME = "$(TARGET_NAME)";
				TEST_HOST = "$(BUNDLE_LOADER)";
				WRAPPER_EXTENSION = xctest;
			};
			name = Debug;
		};
		43C234961922A17C006ED96E /* Release */ = {
			isa = XCBuildConfiguration;
			buildSettings = {
				BUNDLE_LOADER = "$(BUILT_PRODUCTS_DIR)/world-cup-brazil.app/world-cup-brazil";
				FRAMEWORK_SEARCH_PATHS = (
					"$(SDKROOT)/Developer/Library/Frameworks",
					"$(inherited)",
					"$(DEVELOPER_FRAMEWORKS_DIR)",
				);
				GCC_PRECOMPILE_PREFIX_HEADER = YES;
				GCC_PREFIX_HEADER = "world-cup-brazil/world-cup-brazil-Prefix.pch";
				INFOPLIST_FILE = "world-cup-brazilTests/world-cup-brazilTests-Info.plist";
				PRODUCT_NAME = "$(TARGET_NAME)";
				TEST_HOST = "$(BUNDLE_LOADER)";
				WRAPPER_EXTENSION = xctest;
			};
			name = Release;
		};
/* End XCBuildConfiguration section */

/* Begin XCConfigurationList section */
		43C234571922A17B006ED96E /* Build configuration list for PBXProject "world-cup-brazil" */ = {
			isa = XCConfigurationList;
			buildConfigurations = (
				43C2348F1922A17C006ED96E /* Debug */,
				43C234901922A17C006ED96E /* Release */,
			);
			defaultConfigurationIsVisible = 0;
			defaultConfigurationName = Release;
		};
		43C234911922A17C006ED96E /* Build configuration list for PBXNativeTarget "world-cup-brazil" */ = {
			isa = XCConfigurationList;
			buildConfigurations = (
				43C234921922A17C006ED96E /* Debug */,
				43C234931922A17C006ED96E /* Release */,
			);
			defaultConfigurationIsVisible = 0;
		};
		43C234941922A17C006ED96E /* Build configuration list for PBXNativeTarget "world-cup-brazilTests" */ = {
			isa = XCConfigurationList;
			buildConfigurations = (
				43C234951922A17C006ED96E /* Debug */,
				43C234961922A17C006ED96E /* Release */,
			);
			defaultConfigurationIsVisible = 0;
		};
/* End XCConfigurationList section */
	};
	rootObject = 43C234541922A17B006ED96E /* Project object */;
}
