// !$*UTF8*$!
{
	archiveVersion = 1;
	classes = {
	};
	objectVersion = 46;
	objects = {

/* Begin PBXBuildFile section */
		432C51341922C6A600EB1929 /* API.m in Sources */ = {isa = PBXBuildFile; fileRef = 432C51331922C6A600EB1929 /* API.m */; };
		432C51791922C86500EB1929 /* AFHTTPRequestOperation.m in Sources */ = {isa = PBXBuildFile; fileRef = 432C51441922C86500EB1929 /* AFHTTPRequestOperation.m */; };
		432C517A1922C86500EB1929 /* AFHTTPRequestOperationManager.m in Sources */ = {isa = PBXBuildFile; fileRef = 432C51461922C86500EB1929 /* AFHTTPRequestOperationManager.m */; };
		432C517B1922C86500EB1929 /* AFHTTPSessionManager.m in Sources */ = {isa = PBXBuildFile; fileRef = 432C51481922C86500EB1929 /* AFHTTPSessionManager.m */; };
		432C517C1922C86500EB1929 /* AFNetworkReachabilityManager.m in Sources */ = {isa = PBXBuildFile; fileRef = 432C514B1922C86500EB1929 /* AFNetworkReachabilityManager.m */; };
		432C517D1922C86500EB1929 /* AFSecurityPolicy.m in Sources */ = {isa = PBXBuildFile; fileRef = 432C514D1922C86500EB1929 /* AFSecurityPolicy.m */; };
		432C517E1922C86500EB1929 /* AFURLConnectionOperation.m in Sources */ = {isa = PBXBuildFile; fileRef = 432C514F1922C86500EB1929 /* AFURLConnectionOperation.m */; };
		432C517F1922C86500EB1929 /* AFURLRequestSerialization.m in Sources */ = {isa = PBXBuildFile; fileRef = 432C51511922C86500EB1929 /* AFURLRequestSerialization.m */; };
		432C51801922C86500EB1929 /* AFURLResponseSerialization.m in Sources */ = {isa = PBXBuildFile; fileRef = 432C51531922C86500EB1929 /* AFURLResponseSerialization.m */; };
		432C51811922C86500EB1929 /* AFURLSessionManager.m in Sources */ = {isa = PBXBuildFile; fileRef = 432C51551922C86500EB1929 /* AFURLSessionManager.m */; };
		432C51821922C86500EB1929 /* MKAnnotationView+WebCache.m in Sources */ = {isa = PBXBuildFile; fileRef = 432C51581922C86500EB1929 /* MKAnnotationView+WebCache.m */; };
		432C51831922C86500EB1929 /* NSData+GIF.m in Sources */ = {isa = PBXBuildFile; fileRef = 432C515A1922C86500EB1929 /* NSData+GIF.m */; };
		432C51841922C86500EB1929 /* SDImageCache.m in Sources */ = {isa = PBXBuildFile; fileRef = 432C515C1922C86500EB1929 /* SDImageCache.m */; };
		432C51851922C86500EB1929 /* SDWebImageCompat.m in Sources */ = {isa = PBXBuildFile; fileRef = 432C515E1922C86500EB1929 /* SDWebImageCompat.m */; };
		432C51861922C86500EB1929 /* SDWebImageDecoder.m in Sources */ = {isa = PBXBuildFile; fileRef = 432C51601922C86500EB1929 /* SDWebImageDecoder.m */; };
		432C51871922C86500EB1929 /* SDWebImageDownloader.m in Sources */ = {isa = PBXBuildFile; fileRef = 432C51621922C86500EB1929 /* SDWebImageDownloader.m */; };
		432C51881922C86500EB1929 /* SDWebImageDownloaderOperation.m in Sources */ = {isa = PBXBuildFile; fileRef = 432C51641922C86500EB1929 /* SDWebImageDownloaderOperation.m */; };
		432C51891922C86500EB1929 /* SDWebImageManager.m in Sources */ = {isa = PBXBuildFile; fileRef = 432C51661922C86500EB1929 /* SDWebImageManager.m */; };
		432C518A1922C86500EB1929 /* SDWebImagePrefetcher.m in Sources */ = {isa = PBXBuildFile; fileRef = 432C51691922C86500EB1929 /* SDWebImagePrefetcher.m */; };
		432C518B1922C86500EB1929 /* UIButton+WebCache.m in Sources */ = {isa = PBXBuildFile; fileRef = 432C516B1922C86500EB1929 /* UIButton+WebCache.m */; };
		432C518C1922C86500EB1929 /* UIImage+GIF.m in Sources */ = {isa = PBXBuildFile; fileRef = 432C516D1922C86500EB1929 /* UIImage+GIF.m */; };
		432C518D1922C86500EB1929 /* UIImage+MultiFormat.m in Sources */ = {isa = PBXBuildFile; fileRef = 432C516F1922C86500EB1929 /* UIImage+MultiFormat.m */; };
		432C518E1922C86500EB1929 /* UIImage+WebP.m in Sources */ = {isa = PBXBuildFile; fileRef = 432C51711922C86500EB1929 /* UIImage+WebP.m */; };
		432C518F1922C86500EB1929 /* UIImageView+WebCache.m in Sources */ = {isa = PBXBuildFile; fileRef = 432C51731922C86500EB1929 /* UIImageView+WebCache.m */; };
		432C51901922C86500EB1929 /* ViewUtil.m in Sources */ = {isa = PBXBuildFile; fileRef = 432C51761922C86500EB1929 /* ViewUtil.m */; };
		432C51941922CEE200EB1929 /* CellVS.m in Sources */ = {isa = PBXBuildFile; fileRef = 432C51931922CEE200EB1929 /* CellVS.m */; };
		432C51961922EDF600EB1929 /* AdSupport.framework in Frameworks */ = {isa = PBXBuildFile; fileRef = 432C51951922EDF600EB1929 /* AdSupport.framework */; };
		432C51981922EE0500EB1929 /* AudioToolbox.framework in Frameworks */ = {isa = PBXBuildFile; fileRef = 432C51971922EE0500EB1929 /* AudioToolbox.framework */; };
		432C519A1922EE0E00EB1929 /* AVFoundation.framework in Frameworks */ = {isa = PBXBuildFile; fileRef = 432C51991922EE0E00EB1929 /* AVFoundation.framework */; };
		432C519C1922EE2200EB1929 /* CoreTelephony.framework in Frameworks */ = {isa = PBXBuildFile; fileRef = 432C519B1922EE2200EB1929 /* CoreTelephony.framework */; };
		432C519E1922EE2900EB1929 /* MessageUI.framework in Frameworks */ = {isa = PBXBuildFile; fileRef = 432C519D1922EE2900EB1929 /* MessageUI.framework */; };
		432C51A01922EE2F00EB1929 /* StoreKit.framework in Frameworks */ = {isa = PBXBuildFile; fileRef = 432C519F1922EE2F00EB1929 /* StoreKit.framework */; };
		432C51A21922EE3A00EB1929 /* SystemConfiguration.framework in Frameworks */ = {isa = PBXBuildFile; fileRef = 432C51A11922EE3A00EB1929 /* SystemConfiguration.framework */; };
		432C51B21922EF1700EB1929 /* libGoogleAdMobAds.a in Frameworks */ = {isa = PBXBuildFile; fileRef = 432C51B01922EF1700EB1929 /* libGoogleAdMobAds.a */; };
		432C51B31922EF1700EB1929 /* README.txt in Resources */ = {isa = PBXBuildFile; fileRef = 432C51B11922EF1700EB1929 /* README.txt */; };
		432C51B71922F73700EB1929 /* end_of_line_icon.png in Resources */ = {isa = PBXBuildFile; fileRef = 432C51B51922F73700EB1929 /* end_of_line_icon.png */; };
		432C51B81922F73700EB1929 /* end_of_line_icon@2x.png in Resources */ = {isa = PBXBuildFile; fileRef = 432C51B61922F73700EB1929 /* end_of_line_icon@2x.png */; };
		43C234601922A17B006ED96E /* Foundation.framework in Frameworks */ = {isa = PBXBuildFile; fileRef = 43C2345F1922A17B006ED96E /* Foundation.framework */; };
		43C234621922A17B006ED96E /* CoreGraphics.framework in Frameworks */ = {isa = PBXBuildFile; fileRef = 43C234611922A17B006ED96E /* CoreGraphics.framework */; };
		43C234641922A17B006ED96E /* UIKit.framework in Frameworks */ = {isa = PBXBuildFile; fileRef = 43C234631922A17B006ED96E /* UIKit.framework */; };
		43C2346A1922A17B006ED96E /* InfoPlist.strings in Resources */ = {isa = PBXBuildFile; fileRef = 43C234681922A17B006ED96E /* InfoPlist.strings */; };
		43C2346C1922A17B006ED96E /* main.m in Sources */ = {isa = PBXBuildFile; fileRef = 43C2346B1922A17B006ED96E /* main.m */; };
		43C234701922A17B006ED96E /* WCAppDelegate.m in Sources */ = {isa = PBXBuildFile; fileRef = 43C2346F1922A17B006ED96E /* WCAppDelegate.m */; };
		43C234731922A17B006ED96E /* Main_iPhone.storyboard in Resources */ = {isa = PBXBuildFile; fileRef = 43C234711922A17B006ED96E /* Main_iPhone.storyboard */; };
		43C234761922A17B006ED96E /* Main_iPad.storyboard in Resources */ = {isa = PBXBuildFile; fileRef = 43C234741922A17B006ED96E /* Main_iPad.storyboard */; };
		43C234791922A17B006ED96E /* WCViewController.m in Sources */ = {isa = PBXBuildFile; fileRef = 43C234781922A17B006ED96E /* WCViewController.m */; };
		43C2347B1922A17B006ED96E /* Images.xcassets in Resources */ = {isa = PBXBuildFile; fileRef = 43C2347A1922A17B006ED96E /* Images.xcassets */; };
		43C234821922A17C006ED96E /* XCTest.framework in Frameworks */ = {isa = PBXBuildFile; fileRef = 43C234811922A17C006ED96E /* XCTest.framework */; };
		43C234831922A17C006ED96E /* Foundation.framework in Frameworks */ = {isa = PBXBuildFile; fileRef = 43C2345F1922A17B006ED96E /* Foundation.framework */; };
		43C234841922A17C006ED96E /* UIKit.framework in Frameworks */ = {isa = PBXBuildFile; fileRef = 43C234631922A17B006ED96E /* UIKit.framework */; };
		43C2348C1922A17C006ED96E /* InfoPlist.strings in Resources */ = {isa = PBXBuildFile; fileRef = 43C2348A1922A17C006ED96E /* InfoPlist.strings */; };
		43C2348E1922A17C006ED96E /* world_cup_brazilTests.m in Sources */ = {isa = PBXBuildFile; fileRef = 43C2348D1922A17C006ED96E /* world_cup_brazilTests.m */; };
		43F07F61193D02B500C5E49E /* ViewPredict.m in Sources */ = {isa = PBXBuildFile; fileRef = 43F07F60193D02B500C5E49E /* ViewPredict.m */; };
		6B430454193C54A3001BD6C4 /* bg_cell-iPad.png in Resources */ = {isa = PBXBuildFile; fileRef = 6B430452193C54A3001BD6C4 /* bg_cell-iPad.png */; };
		6B430455193C54A3001BD6C4 /* bg_cell-iPad@2x.png in Resources */ = {isa = PBXBuildFile; fileRef = 6B430453193C54A3001BD6C4 /* bg_cell-iPad@2x.png */; };
		6B676D56193CA0E500829106 /* ViewTeamSchedule.m in Sources */ = {isa = PBXBuildFile; fileRef = 6B676D55193CA0E500829106 /* ViewTeamSchedule.m */; };
		6B88C7631938658600622F4D /* LICENSE.txt in Resources */ = {isa = PBXBuildFile; fileRef = 6B88C7581938658600622F4D /* LICENSE.txt */; };
		6B88C7641938658600622F4D /* OpenSans-Bold.ttf in Resources */ = {isa = PBXBuildFile; fileRef = 6B88C7591938658600622F4D /* OpenSans-Bold.ttf */; };
		6B88C7651938658600622F4D /* OpenSans-BoldItalic.ttf in Resources */ = {isa = PBXBuildFile; fileRef = 6B88C75A1938658600622F4D /* OpenSans-BoldItalic.ttf */; };
		6B88C7661938658600622F4D /* OpenSans-ExtraBold.ttf in Resources */ = {isa = PBXBuildFile; fileRef = 6B88C75B1938658600622F4D /* OpenSans-ExtraBold.ttf */; };
		6B88C7671938658600622F4D /* OpenSans-ExtraBoldItalic.ttf in Resources */ = {isa = PBXBuildFile; fileRef = 6B88C75C1938658600622F4D /* OpenSans-ExtraBoldItalic.ttf */; };
		6B88C7681938658600622F4D /* OpenSans-Italic.ttf in Resources */ = {isa = PBXBuildFile; fileRef = 6B88C75D1938658600622F4D /* OpenSans-Italic.ttf */; };
		6B88C7691938658600622F4D /* OpenSans-Light.ttf in Resources */ = {isa = PBXBuildFile; fileRef = 6B88C75E1938658600622F4D /* OpenSans-Light.ttf */; };
		6B88C76A1938658600622F4D /* OpenSans-LightItalic.ttf in Resources */ = {isa = PBXBuildFile; fileRef = 6B88C75F1938658600622F4D /* OpenSans-LightItalic.ttf */; };
		6B88C76B1938658600622F4D /* OpenSans-Regular.ttf in Resources */ = {isa = PBXBuildFile; fileRef = 6B88C7601938658600622F4D /* OpenSans-Regular.ttf */; };
		6B88C76C1938658600622F4D /* OpenSans-Semibold.ttf in Resources */ = {isa = PBXBuildFile; fileRef = 6B88C7611938658600622F4D /* OpenSans-Semibold.ttf */; };
		6B88C76D1938658600622F4D /* OpenSans-SemiboldItalic.ttf in Resources */ = {isa = PBXBuildFile; fileRef = 6B88C7621938658600622F4D /* OpenSans-SemiboldItalic.ttf */; };
		6B88C92F19388FBE00622F4D /* Algeria.png in Resources */ = {isa = PBXBuildFile; fileRef = 6B88C90E19388FBE00622F4D /* Algeria.png */; };
		6B88C93019388FBE00622F4D /* Argentina.png in Resources */ = {isa = PBXBuildFile; fileRef = 6B88C90F19388FBE00622F4D /* Argentina.png */; };
		6B88C93119388FBE00622F4D /* Australia.png in Resources */ = {isa = PBXBuildFile; fileRef = 6B88C91019388FBE00622F4D /* Australia.png */; };
		6B88C93219388FBE00622F4D /* Belgium.png in Resources */ = {isa = PBXBuildFile; fileRef = 6B88C91119388FBE00622F4D /* Belgium.png */; };
		6B88C93319388FBE00622F4D /* Bosnia And Herzegovina.png in Resources */ = {isa = PBXBuildFile; fileRef = 6B88C91219388FBE00622F4D /* Bosnia And Herzegovina.png */; };
		6B88C93419388FBE00622F4D /* Brazil.png in Resources */ = {isa = PBXBuildFile; fileRef = 6B88C91319388FBE00622F4D /* Brazil.png */; };
		6B88C93519388FBE00622F4D /* Cameroon.png in Resources */ = {isa = PBXBuildFile; fileRef = 6B88C91419388FBE00622F4D /* Cameroon.png */; };
		6B88C93619388FBE00622F4D /* Chile.png in Resources */ = {isa = PBXBuildFile; fileRef = 6B88C91519388FBE00622F4D /* Chile.png */; };
		6B88C93719388FBE00622F4D /* Colombia.png in Resources */ = {isa = PBXBuildFile; fileRef = 6B88C91619388FBE00622F4D /* Colombia.png */; };
		6B88C93819388FBE00622F4D /* Costa Rica.png in Resources */ = {isa = PBXBuildFile; fileRef = 6B88C91719388FBE00622F4D /* Costa Rica.png */; };
		6B88C93919388FBE00622F4D /* Côte D'ivoire.png in Resources */ = {isa = PBXBuildFile; fileRef = 6B88C91819388FBE00622F4D /* Côte D'ivoire.png */; };
		6B88C93A19388FBE00622F4D /* Croatia.png in Resources */ = {isa = PBXBuildFile; fileRef = 6B88C91919388FBE00622F4D /* Croatia.png */; };
		6B88C93B19388FBE00622F4D /* Ecuador.png in Resources */ = {isa = PBXBuildFile; fileRef = 6B88C91A19388FBE00622F4D /* Ecuador.png */; };
		6B88C93C19388FBE00622F4D /* England.png in Resources */ = {isa = PBXBuildFile; fileRef = 6B88C91B19388FBE00622F4D /* England.png */; };
		6B88C93D19388FBE00622F4D /* France.png in Resources */ = {isa = PBXBuildFile; fileRef = 6B88C91C19388FBE00622F4D /* France.png */; };
		6B88C93E19388FBE00622F4D /* Germany.png in Resources */ = {isa = PBXBuildFile; fileRef = 6B88C91D19388FBE00622F4D /* Germany.png */; };
		6B88C93F19388FBE00622F4D /* Ghana.png in Resources */ = {isa = PBXBuildFile; fileRef = 6B88C91E19388FBE00622F4D /* Ghana.png */; };
		6B88C94019388FBE00622F4D /* Greece.png in Resources */ = {isa = PBXBuildFile; fileRef = 6B88C91F19388FBE00622F4D /* Greece.png */; };
		6B88C94119388FBE00622F4D /* Honduras.png in Resources */ = {isa = PBXBuildFile; fileRef = 6B88C92019388FBE00622F4D /* Honduras.png */; };
		6B88C94219388FBE00622F4D /* Iran.png in Resources */ = {isa = PBXBuildFile; fileRef = 6B88C92119388FBE00622F4D /* Iran.png */; };
		6B88C94319388FBE00622F4D /* Italy.png in Resources */ = {isa = PBXBuildFile; fileRef = 6B88C92219388FBE00622F4D /* Italy.png */; };
		6B88C94419388FBE00622F4D /* Japan.png in Resources */ = {isa = PBXBuildFile; fileRef = 6B88C92319388FBE00622F4D /* Japan.png */; };
		6B88C94519388FBE00622F4D /* Mexico.png in Resources */ = {isa = PBXBuildFile; fileRef = 6B88C92419388FBE00622F4D /* Mexico.png */; };
		6B88C94619388FBE00622F4D /* Netherlands.png in Resources */ = {isa = PBXBuildFile; fileRef = 6B88C92519388FBE00622F4D /* Netherlands.png */; };
		6B88C94719388FBE00622F4D /* Nigeria.png in Resources */ = {isa = PBXBuildFile; fileRef = 6B88C92619388FBE00622F4D /* Nigeria.png */; };
		6B88C94819388FBE00622F4D /* Portugal.png in Resources */ = {isa = PBXBuildFile; fileRef = 6B88C92719388FBE00622F4D /* Portugal.png */; };
		6B88C94919388FBE00622F4D /* Russia.png in Resources */ = {isa = PBXBuildFile; fileRef = 6B88C92819388FBE00622F4D /* Russia.png */; };
		6B88C94A19388FBE00622F4D /* Korea Republic.png in Resources */ = {isa = PBXBuildFile; fileRef = 6B88C92919388FBE00622F4D /* Korea Republic.png */; };
		6B88C94B19388FBE00622F4D /* Spain.png in Resources */ = {isa = PBXBuildFile; fileRef = 6B88C92A19388FBE00622F4D /* Spain.png */; };
		6B88C94C19388FBE00622F4D /* Switzerland.png in Resources */ = {isa = PBXBuildFile; fileRef = 6B88C92B19388FBE00622F4D /* Switzerland.png */; };
		6B88C94D19388FBE00622F4D /* Usa.png in Resources */ = {isa = PBXBuildFile; fileRef = 6B88C92C19388FBE00622F4D /* Usa.png */; };
		6B88C94E19388FBE00622F4D /* Unknown.png in Resources */ = {isa = PBXBuildFile; fileRef = 6B88C92D19388FBE00622F4D /* Unknown.png */; };
		6B88C94F19388FBE00622F4D /* Uruguay.png in Resources */ = {isa = PBXBuildFile; fileRef = 6B88C92E19388FBE00622F4D /* Uruguay.png */; };
		6BD64247193764F600FDF724 /* dot.png in Resources */ = {isa = PBXBuildFile; fileRef = 6BD64243193764F600FDF724 /* dot.png */; };
		6BD64248193764F600FDF724 /* dot@2x.png in Resources */ = {isa = PBXBuildFile; fileRef = 6BD64244193764F600FDF724 /* dot@2x.png */; };
		6BD6424D1937650B00FDF724 /* bg_cell.png in Resources */ = {isa = PBXBuildFile; fileRef = 6BD6424B1937650B00FDF724 /* bg_cell.png */; };
		6BD6424E1937650B00FDF724 /* bg_cell@2x.png in Resources */ = {isa = PBXBuildFile; fileRef = 6BD6424C1937650B00FDF724 /* bg_cell@2x.png */; };
		6BEDDF7C1938A7FA00905C1E /* UITableViewNoDelay.m in Sources */ = {isa = PBXBuildFile; fileRef = 6BEDDF7B1938A7FA00905C1E /* UITableViewNoDelay.m */; };
/* End PBXBuildFile section */

/* Begin PBXContainerItemProxy section */
		43C234851922A17C006ED96E /* PBXContainerItemProxy */ = {
			isa = PBXContainerItemProxy;
			containerPortal = 43C234541922A17B006ED96E /* Project object */;
			proxyType = 1;
			remoteGlobalIDString = 43C2345B1922A17B006ED96E;
			remoteInfo = "world-cup-brazil";
		};
/* End PBXContainerItemProxy section */

/* Begin PBXFileReference section */
		432C51321922C6A600EB1929 /* API.h */ = {isa = PBXFileReference; fileEncoding = 4; lastKnownFileType = sourcecode.c.h; path = API.h; sourceTree = "<group>"; };
		432C51331922C6A600EB1929 /* API.m */ = {isa = PBXFileReference; fileEncoding = 4; lastKnownFileType = sourcecode.c.objc; path = API.m; sourceTree = "<group>"; };
		432C51431922C86500EB1929 /* AFHTTPRequestOperation.h */ = {isa = PBXFileReference; fileEncoding = 4; lastKnownFileType = sourcecode.c.h; path = AFHTTPRequestOperation.h; sourceTree = "<group>"; };
		432C51441922C86500EB1929 /* AFHTTPRequestOperation.m */ = {isa = PBXFileReference; fileEncoding = 4; lastKnownFileType = sourcecode.c.objc; path = AFHTTPRequestOperation.m; sourceTree = "<group>"; };
		432C51451922C86500EB1929 /* AFHTTPRequestOperationManager.h */ = {isa = PBXFileReference; fileEncoding = 4; lastKnownFileType = sourcecode.c.h; path = AFHTTPRequestOperationManager.h; sourceTree = "<group>"; };
		432C51461922C86500EB1929 /* AFHTTPRequestOperationManager.m */ = {isa = PBXFileReference; fileEncoding = 4; lastKnownFileType = sourcecode.c.objc; path = AFHTTPRequestOperationManager.m; sourceTree = "<group>"; };
		432C51471922C86500EB1929 /* AFHTTPSessionManager.h */ = {isa = PBXFileReference; fileEncoding = 4; lastKnownFileType = sourcecode.c.h; path = AFHTTPSessionManager.h; sourceTree = "<group>"; };
		432C51481922C86500EB1929 /* AFHTTPSessionManager.m */ = {isa = PBXFileReference; fileEncoding = 4; lastKnownFileType = sourcecode.c.objc; path = AFHTTPSessionManager.m; sourceTree = "<group>"; };
		432C51491922C86500EB1929 /* AFNetworking.h */ = {isa = PBXFileReference; fileEncoding = 4; lastKnownFileType = sourcecode.c.h; path = AFNetworking.h; sourceTree = "<group>"; };
		432C514A1922C86500EB1929 /* AFNetworkReachabilityManager.h */ = {isa = PBXFileReference; fileEncoding = 4; lastKnownFileType = sourcecode.c.h; path = AFNetworkReachabilityManager.h; sourceTree = "<group>"; };
		432C514B1922C86500EB1929 /* AFNetworkReachabilityManager.m */ = {isa = PBXFileReference; fileEncoding = 4; lastKnownFileType = sourcecode.c.objc; path = AFNetworkReachabilityManager.m; sourceTree = "<group>"; };
		432C514C1922C86500EB1929 /* AFSecurityPolicy.h */ = {isa = PBXFileReference; fileEncoding = 4; lastKnownFileType = sourcecode.c.h; path = AFSecurityPolicy.h; sourceTree = "<group>"; };
		432C514D1922C86500EB1929 /* AFSecurityPolicy.m */ = {isa = PBXFileReference; fileEncoding = 4; lastKnownFileType = sourcecode.c.objc; path = AFSecurityPolicy.m; sourceTree = "<group>"; };
		432C514E1922C86500EB1929 /* AFURLConnectionOperation.h */ = {isa = PBXFileReference; fileEncoding = 4; lastKnownFileType = sourcecode.c.h; path = AFURLConnectionOperation.h; sourceTree = "<group>"; };
		432C514F1922C86500EB1929 /* AFURLConnectionOperation.m */ = {isa = PBXFileReference; fileEncoding = 4; lastKnownFileType = sourcecode.c.objc; path = AFURLConnectionOperation.m; sourceTree = "<group>"; };
		432C51501922C86500EB1929 /* AFURLRequestSerialization.h */ = {isa = PBXFileReference; fileEncoding = 4; lastKnownFileType = sourcecode.c.h; path = AFURLRequestSerialization.h; sourceTree = "<group>"; };
		432C51511922C86500EB1929 /* AFURLRequestSerialization.m */ = {isa = PBXFileReference; fileEncoding = 4; lastKnownFileType = sourcecode.c.objc; path = AFURLRequestSerialization.m; sourceTree = "<group>"; };
		432C51521922C86500EB1929 /* AFURLResponseSerialization.h */ = {isa = PBXFileReference; fileEncoding = 4; lastKnownFileType = sourcecode.c.h; path = AFURLResponseSerialization.h; sourceTree = "<group>"; };
		432C51531922C86500EB1929 /* AFURLResponseSerialization.m */ = {isa = PBXFileReference; fileEncoding = 4; lastKnownFileType = sourcecode.c.objc; path = AFURLResponseSerialization.m; sourceTree = "<group>"; };
		432C51541922C86500EB1929 /* AFURLSessionManager.h */ = {isa = PBXFileReference; fileEncoding = 4; lastKnownFileType = sourcecode.c.h; path = AFURLSessionManager.h; sourceTree = "<group>"; };
		432C51551922C86500EB1929 /* AFURLSessionManager.m */ = {isa = PBXFileReference; fileEncoding = 4; lastKnownFileType = sourcecode.c.objc; path = AFURLSessionManager.m; sourceTree = "<group>"; };
		432C51571922C86500EB1929 /* MKAnnotationView+WebCache.h */ = {isa = PBXFileReference; fileEncoding = 4; lastKnownFileType = sourcecode.c.h; path = "MKAnnotationView+WebCache.h"; sourceTree = "<group>"; };
		432C51581922C86500EB1929 /* MKAnnotationView+WebCache.m */ = {isa = PBXFileReference; fileEncoding = 4; lastKnownFileType = sourcecode.c.objc; path = "MKAnnotationView+WebCache.m"; sourceTree = "<group>"; };
		432C51591922C86500EB1929 /* NSData+GIF.h */ = {isa = PBXFileReference; fileEncoding = 4; lastKnownFileType = sourcecode.c.h; path = "NSData+GIF.h"; sourceTree = "<group>"; };
		432C515A1922C86500EB1929 /* NSData+GIF.m */ = {isa = PBXFileReference; fileEncoding = 4; lastKnownFileType = sourcecode.c.objc; path = "NSData+GIF.m"; sourceTree = "<group>"; };
		432C515B1922C86500EB1929 /* SDImageCache.h */ = {isa = PBXFileReference; fileEncoding = 4; lastKnownFileType = sourcecode.c.h; path = SDImageCache.h; sourceTree = "<group>"; };
		432C515C1922C86500EB1929 /* SDImageCache.m */ = {isa = PBXFileReference; fileEncoding = 4; lastKnownFileType = sourcecode.c.objc; path = SDImageCache.m; sourceTree = "<group>"; };
		432C515D1922C86500EB1929 /* SDWebImageCompat.h */ = {isa = PBXFileReference; fileEncoding = 4; lastKnownFileType = sourcecode.c.h; path = SDWebImageCompat.h; sourceTree = "<group>"; };
		432C515E1922C86500EB1929 /* SDWebImageCompat.m */ = {isa = PBXFileReference; fileEncoding = 4; lastKnownFileType = sourcecode.c.objc; path = SDWebImageCompat.m; sourceTree = "<group>"; };
		432C515F1922C86500EB1929 /* SDWebImageDecoder.h */ = {isa = PBXFileReference; fileEncoding = 4; lastKnownFileType = sourcecode.c.h; path = SDWebImageDecoder.h; sourceTree = "<group>"; };
		432C51601922C86500EB1929 /* SDWebImageDecoder.m */ = {isa = PBXFileReference; fileEncoding = 4; lastKnownFileType = sourcecode.c.objc; path = SDWebImageDecoder.m; sourceTree = "<group>"; };
		432C51611922C86500EB1929 /* SDWebImageDownloader.h */ = {isa = PBXFileReference; fileEncoding = 4; lastKnownFileType = sourcecode.c.h; path = SDWebImageDownloader.h; sourceTree = "<group>"; };
		432C51621922C86500EB1929 /* SDWebImageDownloader.m */ = {isa = PBXFileReference; fileEncoding = 4; lastKnownFileType = sourcecode.c.objc; path = SDWebImageDownloader.m; sourceTree = "<group>"; };
		432C51631922C86500EB1929 /* SDWebImageDownloaderOperation.h */ = {isa = PBXFileReference; fileEncoding = 4; lastKnownFileType = sourcecode.c.h; path = SDWebImageDownloaderOperation.h; sourceTree = "<group>"; };
		432C51641922C86500EB1929 /* SDWebImageDownloaderOperation.m */ = {isa = PBXFileReference; fileEncoding = 4; lastKnownFileType = sourcecode.c.objc; path = SDWebImageDownloaderOperation.m; sourceTree = "<group>"; };
		432C51651922C86500EB1929 /* SDWebImageManager.h */ = {isa = PBXFileReference; fileEncoding = 4; lastKnownFileType = sourcecode.c.h; path = SDWebImageManager.h; sourceTree = "<group>"; };
		432C51661922C86500EB1929 /* SDWebImageManager.m */ = {isa = PBXFileReference; fileEncoding = 4; lastKnownFileType = sourcecode.c.objc; path = SDWebImageManager.m; sourceTree = "<group>"; };
		432C51671922C86500EB1929 /* SDWebImageOperation.h */ = {isa = PBXFileReference; fileEncoding = 4; lastKnownFileType = sourcecode.c.h; path = SDWebImageOperation.h; sourceTree = "<group>"; };
		432C51681922C86500EB1929 /* SDWebImagePrefetcher.h */ = {isa = PBXFileReference; fileEncoding = 4; lastKnownFileType = sourcecode.c.h; path = SDWebImagePrefetcher.h; sourceTree = "<group>"; };
		432C51691922C86500EB1929 /* SDWebImagePrefetcher.m */ = {isa = PBXFileReference; fileEncoding = 4; lastKnownFileType = sourcecode.c.objc; path = SDWebImagePrefetcher.m; sourceTree = "<group>"; };
		432C516A1922C86500EB1929 /* UIButton+WebCache.h */ = {isa = PBXFileReference; fileEncoding = 4; lastKnownFileType = sourcecode.c.h; path = "UIButton+WebCache.h"; sourceTree = "<group>"; };
		432C516B1922C86500EB1929 /* UIButton+WebCache.m */ = {isa = PBXFileReference; fileEncoding = 4; lastKnownFileType = sourcecode.c.objc; path = "UIButton+WebCache.m"; sourceTree = "<group>"; };
		432C516C1922C86500EB1929 /* UIImage+GIF.h */ = {isa = PBXFileReference; fileEncoding = 4; lastKnownFileType = sourcecode.c.h; path = "UIImage+GIF.h"; sourceTree = "<group>"; };
		432C516D1922C86500EB1929 /* UIImage+GIF.m */ = {isa = PBXFileReference; fileEncoding = 4; lastKnownFileType = sourcecode.c.objc; path = "UIImage+GIF.m"; sourceTree = "<group>"; };
		432C516E1922C86500EB1929 /* UIImage+MultiFormat.h */ = {isa = PBXFileReference; fileEncoding = 4; lastKnownFileType = sourcecode.c.h; path = "UIImage+MultiFormat.h"; sourceTree = "<group>"; };
		432C516F1922C86500EB1929 /* UIImage+MultiFormat.m */ = {isa = PBXFileReference; fileEncoding = 4; lastKnownFileType = sourcecode.c.objc; path = "UIImage+MultiFormat.m"; sourceTree = "<group>"; };
		432C51701922C86500EB1929 /* UIImage+WebP.h */ = {isa = PBXFileReference; fileEncoding = 4; lastKnownFileType = sourcecode.c.h; path = "UIImage+WebP.h"; sourceTree = "<group>"; };
		432C51711922C86500EB1929 /* UIImage+WebP.m */ = {isa = PBXFileReference; fileEncoding = 4; lastKnownFileType = sourcecode.c.objc; path = "UIImage+WebP.m"; sourceTree = "<group>"; };
		432C51721922C86500EB1929 /* UIImageView+WebCache.h */ = {isa = PBXFileReference; fileEncoding = 4; lastKnownFileType = sourcecode.c.h; path = "UIImageView+WebCache.h"; sourceTree = "<group>"; };
		432C51731922C86500EB1929 /* UIImageView+WebCache.m */ = {isa = PBXFileReference; fileEncoding = 4; lastKnownFileType = sourcecode.c.objc; path = "UIImageView+WebCache.m"; sourceTree = "<group>"; };
		432C51751922C86500EB1929 /* ViewUtil.h */ = {isa = PBXFileReference; fileEncoding = 4; lastKnownFileType = sourcecode.c.h; path = ViewUtil.h; sourceTree = "<group>"; };
		432C51761922C86500EB1929 /* ViewUtil.m */ = {isa = PBXFileReference; fileEncoding = 4; lastKnownFileType = sourcecode.c.objc; path = ViewUtil.m; sourceTree = "<group>"; };
		432C51921922CEE200EB1929 /* CellVS.h */ = {isa = PBXFileReference; fileEncoding = 4; lastKnownFileType = sourcecode.c.h; path = CellVS.h; sourceTree = "<group>"; };
		432C51931922CEE200EB1929 /* CellVS.m */ = {isa = PBXFileReference; fileEncoding = 4; lastKnownFileType = sourcecode.c.objc; path = CellVS.m; sourceTree = "<group>"; };
		432C51951922EDF600EB1929 /* AdSupport.framework */ = {isa = PBXFileReference; lastKnownFileType = wrapper.framework; name = AdSupport.framework; path = System/Library/Frameworks/AdSupport.framework; sourceTree = SDKROOT; };
		432C51971922EE0500EB1929 /* AudioToolbox.framework */ = {isa = PBXFileReference; lastKnownFileType = wrapper.framework; name = AudioToolbox.framework; path = System/Library/Frameworks/AudioToolbox.framework; sourceTree = SDKROOT; };
		432C51991922EE0E00EB1929 /* AVFoundation.framework */ = {isa = PBXFileReference; lastKnownFileType = wrapper.framework; name = AVFoundation.framework; path = System/Library/Frameworks/AVFoundation.framework; sourceTree = SDKROOT; };
		432C519B1922EE2200EB1929 /* CoreTelephony.framework */ = {isa = PBXFileReference; lastKnownFileType = wrapper.framework; name = CoreTelephony.framework; path = System/Library/Frameworks/CoreTelephony.framework; sourceTree = SDKROOT; };
		432C519D1922EE2900EB1929 /* MessageUI.framework */ = {isa = PBXFileReference; lastKnownFileType = wrapper.framework; name = MessageUI.framework; path = System/Library/Frameworks/MessageUI.framework; sourceTree = SDKROOT; };
		432C519F1922EE2F00EB1929 /* StoreKit.framework */ = {isa = PBXFileReference; lastKnownFileType = wrapper.framework; name = StoreKit.framework; path = System/Library/Frameworks/StoreKit.framework; sourceTree = SDKROOT; };
		432C51A11922EE3A00EB1929 /* SystemConfiguration.framework */ = {isa = PBXFileReference; lastKnownFileType = wrapper.framework; name = SystemConfiguration.framework; path = System/Library/Frameworks/SystemConfiguration.framework; sourceTree = SDKROOT; };
		432C51A41922EF1700EB1929 /* GADAdMobExtras.h */ = {isa = PBXFileReference; fileEncoding = 4; lastKnownFileType = sourcecode.c.h; path = GADAdMobExtras.h; sourceTree = "<group>"; };
		432C51A51922EF1700EB1929 /* GADAdNetworkExtras.h */ = {isa = PBXFileReference; fileEncoding = 4; lastKnownFileType = sourcecode.c.h; path = GADAdNetworkExtras.h; sourceTree = "<group>"; };
		432C51A61922EF1700EB1929 /* GADAdSize.h */ = {isa = PBXFileReference; fileEncoding = 4; lastKnownFileType = sourcecode.c.h; path = GADAdSize.h; sourceTree = "<group>"; };
		432C51A71922EF1700EB1929 /* GADBannerView.h */ = {isa = PBXFileReference; fileEncoding = 4; lastKnownFileType = sourcecode.c.h; path = GADBannerView.h; sourceTree = "<group>"; };
		432C51A81922EF1700EB1929 /* GADBannerViewDelegate.h */ = {isa = PBXFileReference; fileEncoding = 4; lastKnownFileType = sourcecode.c.h; path = GADBannerViewDelegate.h; sourceTree = "<group>"; };
		432C51A91922EF1700EB1929 /* GADInAppPurchase.h */ = {isa = PBXFileReference; fileEncoding = 4; lastKnownFileType = sourcecode.c.h; path = GADInAppPurchase.h; sourceTree = "<group>"; };
		432C51AA1922EF1700EB1929 /* GADInAppPurchaseDelegate.h */ = {isa = PBXFileReference; fileEncoding = 4; lastKnownFileType = sourcecode.c.h; path = GADInAppPurchaseDelegate.h; sourceTree = "<group>"; };
		432C51AB1922EF1700EB1929 /* GADInterstitial.h */ = {isa = PBXFileReference; fileEncoding = 4; lastKnownFileType = sourcecode.c.h; path = GADInterstitial.h; sourceTree = "<group>"; };
		432C51AC1922EF1700EB1929 /* GADInterstitialDelegate.h */ = {isa = PBXFileReference; fileEncoding = 4; lastKnownFileType = sourcecode.c.h; path = GADInterstitialDelegate.h; sourceTree = "<group>"; };
		432C51AD1922EF1700EB1929 /* GADModules.h */ = {isa = PBXFileReference; fileEncoding = 4; lastKnownFileType = sourcecode.c.h; path = GADModules.h; sourceTree = "<group>"; };
		432C51AE1922EF1700EB1929 /* GADRequest.h */ = {isa = PBXFileReference; fileEncoding = 4; lastKnownFileType = sourcecode.c.h; path = GADRequest.h; sourceTree = "<group>"; };
		432C51AF1922EF1700EB1929 /* GADRequestError.h */ = {isa = PBXFileReference; fileEncoding = 4; lastKnownFileType = sourcecode.c.h; path = GADRequestError.h; sourceTree = "<group>"; };
		432C51B01922EF1700EB1929 /* libGoogleAdMobAds.a */ = {isa = PBXFileReference; lastKnownFileType = archive.ar; path = libGoogleAdMobAds.a; sourceTree = "<group>"; };
		432C51B11922EF1700EB1929 /* README.txt */ = {isa = PBXFileReference; fileEncoding = 4; lastKnownFileType = text; path = README.txt; sourceTree = "<group>"; };
		432C51B51922F73700EB1929 /* end_of_line_icon.png */ = {isa = PBXFileReference; lastKnownFileType = image.png; path = end_of_line_icon.png; sourceTree = "<group>"; };
		432C51B61922F73700EB1929 /* end_of_line_icon@2x.png */ = {isa = PBXFileReference; lastKnownFileType = image.png; path = "end_of_line_icon@2x.png"; sourceTree = "<group>"; };
		43C2345C1922A17B006ED96E /* world-cup-brazil.app */ = {isa = PBXFileReference; explicitFileType = wrapper.application; includeInIndex = 0; path = "world-cup-brazil.app"; sourceTree = BUILT_PRODUCTS_DIR; };
		43C2345F1922A17B006ED96E /* Foundation.framework */ = {isa = PBXFileReference; lastKnownFileType = wrapper.framework; name = Foundation.framework; path = System/Library/Frameworks/Foundation.framework; sourceTree = SDKROOT; };
		43C234611922A17B006ED96E /* CoreGraphics.framework */ = {isa = PBXFileReference; lastKnownFileType = wrapper.framework; name = CoreGraphics.framework; path = System/Library/Frameworks/CoreGraphics.framework; sourceTree = SDKROOT; };
		43C234631922A17B006ED96E /* UIKit.framework */ = {isa = PBXFileReference; lastKnownFileType = wrapper.framework; name = UIKit.framework; path = System/Library/Frameworks/UIKit.framework; sourceTree = SDKROOT; };
		43C234671922A17B006ED96E /* world-cup-brazil-Info.plist */ = {isa = PBXFileReference; lastKnownFileType = text.plist.xml; path = "world-cup-brazil-Info.plist"; sourceTree = "<group>"; };
		43C234691922A17B006ED96E /* en */ = {isa = PBXFileReference; lastKnownFileType = text.plist.strings; name = en; path = en.lproj/InfoPlist.strings; sourceTree = "<group>"; };
		43C2346B1922A17B006ED96E /* main.m */ = {isa = PBXFileReference; lastKnownFileType = sourcecode.c.objc; path = main.m; sourceTree = "<group>"; };
		43C2346D1922A17B006ED96E /* world-cup-brazil-Prefix.pch */ = {isa = PBXFileReference; lastKnownFileType = sourcecode.c.h; path = "world-cup-brazil-Prefix.pch"; sourceTree = "<group>"; };
		43C2346E1922A17B006ED96E /* WCAppDelegate.h */ = {isa = PBXFileReference; lastKnownFileType = sourcecode.c.h; path = WCAppDelegate.h; sourceTree = "<group>"; };
		43C2346F1922A17B006ED96E /* WCAppDelegate.m */ = {isa = PBXFileReference; lastKnownFileType = sourcecode.c.objc; path = WCAppDelegate.m; sourceTree = "<group>"; };
		43C234721922A17B006ED96E /* Base */ = {isa = PBXFileReference; lastKnownFileType = file.storyboard; name = Base; path = Base.lproj/Main_iPhone.storyboard; sourceTree = "<group>"; };
		43C234751922A17B006ED96E /* Base */ = {isa = PBXFileReference; lastKnownFileType = file.storyboard; name = Base; path = Base.lproj/Main_iPad.storyboard; sourceTree = "<group>"; };
		43C234771922A17B006ED96E /* WCViewController.h */ = {isa = PBXFileReference; lastKnownFileType = sourcecode.c.h; path = WCViewController.h; sourceTree = "<group>"; };
		43C234781922A17B006ED96E /* WCViewController.m */ = {isa = PBXFileReference; lastKnownFileType = sourcecode.c.objc; path = WCViewController.m; sourceTree = "<group>"; };
		43C2347A1922A17B006ED96E /* Images.xcassets */ = {isa = PBXFileReference; lastKnownFileType = folder.assetcatalog; path = Images.xcassets; sourceTree = "<group>"; };
		43C234801922A17C006ED96E /* world-cup-brazilTests.xctest */ = {isa = PBXFileReference; explicitFileType = wrapper.cfbundle; includeInIndex = 0; path = "world-cup-brazilTests.xctest"; sourceTree = BUILT_PRODUCTS_DIR; };
		43C234811922A17C006ED96E /* XCTest.framework */ = {isa = PBXFileReference; lastKnownFileType = wrapper.framework; name = XCTest.framework; path = Library/Frameworks/XCTest.framework; sourceTree = DEVELOPER_DIR; };
		43C234891922A17C006ED96E /* world-cup-brazilTests-Info.plist */ = {isa = PBXFileReference; lastKnownFileType = text.plist.xml; path = "world-cup-brazilTests-Info.plist"; sourceTree = "<group>"; };
		43C2348B1922A17C006ED96E /* en */ = {isa = PBXFileReference; lastKnownFileType = text.plist.strings; name = en; path = en.lproj/InfoPlist.strings; sourceTree = "<group>"; };
		43C2348D1922A17C006ED96E /* world_cup_brazilTests.m */ = {isa = PBXFileReference; lastKnownFileType = sourcecode.c.objc; path = world_cup_brazilTests.m; sourceTree = "<group>"; };
		43F07F5F193D02B500C5E49E /* ViewPredict.h */ = {isa = PBXFileReference; fileEncoding = 4; lastKnownFileType = sourcecode.c.h; path = ViewPredict.h; sourceTree = "<group>"; };
		43F07F60193D02B500C5E49E /* ViewPredict.m */ = {isa = PBXFileReference; fileEncoding = 4; lastKnownFileType = sourcecode.c.objc; path = ViewPredict.m; sourceTree = "<group>"; };
		6B430452193C54A3001BD6C4 /* bg_cell-iPad.png */ = {isa = PBXFileReference; lastKnownFileType = image.png; path = "bg_cell-iPad.png"; sourceTree = "<group>"; };
		6B430453193C54A3001BD6C4 /* bg_cell-iPad@2x.png */ = {isa = PBXFileReference; lastKnownFileType = image.png; path = "bg_cell-iPad@2x.png"; sourceTree = "<group>"; };
		6B676D54193CA0E500829106 /* ViewTeamSchedule.h */ = {isa = PBXFileReference; fileEncoding = 4; lastKnownFileType = sourcecode.c.h; path = ViewTeamSchedule.h; sourceTree = "<group>"; };
		6B676D55193CA0E500829106 /* ViewTeamSchedule.m */ = {isa = PBXFileReference; fileEncoding = 4; lastKnownFileType = sourcecode.c.objc; path = ViewTeamSchedule.m; sourceTree = "<group>"; };
		6B88C7581938658600622F4D /* LICENSE.txt */ = {isa = PBXFileReference; fileEncoding = 4; lastKnownFileType = text; path = LICENSE.txt; sourceTree = "<group>"; };
		6B88C7591938658600622F4D /* OpenSans-Bold.ttf */ = {isa = PBXFileReference; lastKnownFileType = file; path = "OpenSans-Bold.ttf"; sourceTree = "<group>"; };
		6B88C75A1938658600622F4D /* OpenSans-BoldItalic.ttf */ = {isa = PBXFileReference; lastKnownFileType = file; path = "OpenSans-BoldItalic.ttf"; sourceTree = "<group>"; };
		6B88C75B1938658600622F4D /* OpenSans-ExtraBold.ttf */ = {isa = PBXFileReference; lastKnownFileType = file; path = "OpenSans-ExtraBold.ttf"; sourceTree = "<group>"; };
		6B88C75C1938658600622F4D /* OpenSans-ExtraBoldItalic.ttf */ = {isa = PBXFileReference; lastKnownFileType = file; path = "OpenSans-ExtraBoldItalic.ttf"; sourceTree = "<group>"; };
		6B88C75D1938658600622F4D /* OpenSans-Italic.ttf */ = {isa = PBXFileReference; lastKnownFileType = file; path = "OpenSans-Italic.ttf"; sourceTree = "<group>"; };
		6B88C75E1938658600622F4D /* OpenSans-Light.ttf */ = {isa = PBXFileReference; lastKnownFileType = file; path = "OpenSans-Light.ttf"; sourceTree = "<group>"; };
		6B88C75F1938658600622F4D /* OpenSans-LightItalic.ttf */ = {isa = PBXFileReference; lastKnownFileType = file; path = "OpenSans-LightItalic.ttf"; sourceTree = "<group>"; };
		6B88C7601938658600622F4D /* OpenSans-Regular.ttf */ = {isa = PBXFileReference; lastKnownFileType = file; path = "OpenSans-Regular.ttf"; sourceTree = "<group>"; };
		6B88C7611938658600622F4D /* OpenSans-Semibold.ttf */ = {isa = PBXFileReference; lastKnownFileType = file; path = "OpenSans-Semibold.ttf"; sourceTree = "<group>"; };
		6B88C7621938658600622F4D /* OpenSans-SemiboldItalic.ttf */ = {isa = PBXFileReference; lastKnownFileType = file; path = "OpenSans-SemiboldItalic.ttf"; sourceTree = "<group>"; };
		6B88C90E19388FBE00622F4D /* Algeria.png */ = {isa = PBXFileReference; lastKnownFileType = image.png; path = Algeria.png; sourceTree = "<group>"; };
		6B88C90F19388FBE00622F4D /* Argentina.png */ = {isa = PBXFileReference; lastKnownFileType = image.png; path = Argentina.png; sourceTree = "<group>"; };
		6B88C91019388FBE00622F4D /* Australia.png */ = {isa = PBXFileReference; lastKnownFileType = image.png; path = Australia.png; sourceTree = "<group>"; };
		6B88C91119388FBE00622F4D /* Belgium.png */ = {isa = PBXFileReference; lastKnownFileType = image.png; path = Belgium.png; sourceTree = "<group>"; };
		6B88C91219388FBE00622F4D /* Bosnia And Herzegovina.png */ = {isa = PBXFileReference; lastKnownFileType = image.png; path = "Bosnia And Herzegovina.png"; sourceTree = "<group>"; };
		6B88C91319388FBE00622F4D /* Brazil.png */ = {isa = PBXFileReference; lastKnownFileType = image.png; path = Brazil.png; sourceTree = "<group>"; };
		6B88C91419388FBE00622F4D /* Cameroon.png */ = {isa = PBXFileReference; lastKnownFileType = image.png; path = Cameroon.png; sourceTree = "<group>"; };
		6B88C91519388FBE00622F4D /* Chile.png */ = {isa = PBXFileReference; lastKnownFileType = image.png; path = Chile.png; sourceTree = "<group>"; };
		6B88C91619388FBE00622F4D /* Colombia.png */ = {isa = PBXFileReference; lastKnownFileType = image.png; path = Colombia.png; sourceTree = "<group>"; };
		6B88C91719388FBE00622F4D /* Costa Rica.png */ = {isa = PBXFileReference; lastKnownFileType = image.png; path = "Costa Rica.png"; sourceTree = "<group>"; };
		6B88C91819388FBE00622F4D /* Côte D'ivoire.png */ = {isa = PBXFileReference; lastKnownFileType = image.png; path = "Côte D'ivoire.png"; sourceTree = "<group>"; };
		6B88C91919388FBE00622F4D /* Croatia.png */ = {isa = PBXFileReference; lastKnownFileType = image.png; path = Croatia.png; sourceTree = "<group>"; };
		6B88C91A19388FBE00622F4D /* Ecuador.png */ = {isa = PBXFileReference; lastKnownFileType = image.png; path = Ecuador.png; sourceTree = "<group>"; };
		6B88C91B19388FBE00622F4D /* England.png */ = {isa = PBXFileReference; lastKnownFileType = image.png; path = England.png; sourceTree = "<group>"; };
		6B88C91C19388FBE00622F4D /* France.png */ = {isa = PBXFileReference; lastKnownFileType = image.png; path = France.png; sourceTree = "<group>"; };
		6B88C91D19388FBE00622F4D /* Germany.png */ = {isa = PBXFileReference; lastKnownFileType = image.png; path = Germany.png; sourceTree = "<group>"; };
		6B88C91E19388FBE00622F4D /* Ghana.png */ = {isa = PBXFileReference; lastKnownFileType = image.png; path = Ghana.png; sourceTree = "<group>"; };
		6B88C91F19388FBE00622F4D /* Greece.png */ = {isa = PBXFileReference; lastKnownFileType = image.png; path = Greece.png; sourceTree = "<group>"; };
		6B88C92019388FBE00622F4D /* Honduras.png */ = {isa = PBXFileReference; lastKnownFileType = image.png; path = Honduras.png; sourceTree = "<group>"; };
		6B88C92119388FBE00622F4D /* Iran.png */ = {isa = PBXFileReference; lastKnownFileType = image.png; path = Iran.png; sourceTree = "<group>"; };
		6B88C92219388FBE00622F4D /* Italy.png */ = {isa = PBXFileReference; lastKnownFileType = image.png; path = Italy.png; sourceTree = "<group>"; };
		6B88C92319388FBE00622F4D /* Japan.png */ = {isa = PBXFileReference; lastKnownFileType = image.png; path = Japan.png; sourceTree = "<group>"; };
		6B88C92419388FBE00622F4D /* Mexico.png */ = {isa = PBXFileReference; lastKnownFileType = image.png; path = Mexico.png; sourceTree = "<group>"; };
		6B88C92519388FBE00622F4D /* Netherlands.png */ = {isa = PBXFileReference; lastKnownFileType = image.png; path = Netherlands.png; sourceTree = "<group>"; };
		6B88C92619388FBE00622F4D /* Nigeria.png */ = {isa = PBXFileReference; lastKnownFileType = image.png; path = Nigeria.png; sourceTree = "<group>"; };
		6B88C92719388FBE00622F4D /* Portugal.png */ = {isa = PBXFileReference; lastKnownFileType = image.png; path = Portugal.png; sourceTree = "<group>"; };
		6B88C92819388FBE00622F4D /* Russia.png */ = {isa = PBXFileReference; lastKnownFileType = image.png; path = Russia.png; sourceTree = "<group>"; };
		6B88C92919388FBE00622F4D /* Korea Republic.png */ = {isa = PBXFileReference; lastKnownFileType = image.png; path = "Korea Republic.png"; sourceTree = "<group>"; };
		6B88C92A19388FBE00622F4D /* Spain.png */ = {isa = PBXFileReference; lastKnownFileType = image.png; path = Spain.png; sourceTree = "<group>"; };
		6B88C92B19388FBE00622F4D /* Switzerland.png */ = {isa = PBXFileReference; lastKnownFileType = image.png; path = Switzerland.png; sourceTree = "<group>"; };
		6B88C92C19388FBE00622F4D /* Usa.png */ = {isa = PBXFileReference; lastKnownFileType = image.png; path = Usa.png; sourceTree = "<group>"; };
		6B88C92D19388FBE00622F4D /* Unknown.png */ = {isa = PBXFileReference; lastKnownFileType = image.png; path = Unknown.png; sourceTree = "<group>"; };
		6B88C92E19388FBE00622F4D /* Uruguay.png */ = {isa = PBXFileReference; lastKnownFileType = image.png; path = Uruguay.png; sourceTree = "<group>"; };
		6BD64243193764F600FDF724 /* dot.png */ = {isa = PBXFileReference; lastKnownFileType = image.png; path = dot.png; sourceTree = "<group>"; };
		6BD64244193764F600FDF724 /* dot@2x.png */ = {isa = PBXFileReference; lastKnownFileType = image.png; path = "dot@2x.png"; sourceTree = "<group>"; };
		6BD6424B1937650B00FDF724 /* bg_cell.png */ = {isa = PBXFileReference; lastKnownFileType = image.png; path = bg_cell.png; sourceTree = "<group>"; };
		6BD6424C1937650B00FDF724 /* bg_cell@2x.png */ = {isa = PBXFileReference; lastKnownFileType = image.png; path = "bg_cell@2x.png"; sourceTree = "<group>"; };
		6BEDDF7A1938A7FA00905C1E /* UITableViewNoDelay.h */ = {isa = PBXFileReference; fileEncoding = 4; lastKnownFileType = sourcecode.c.h; path = UITableViewNoDelay.h; sourceTree = "<group>"; };
		6BEDDF7B1938A7FA00905C1E /* UITableViewNoDelay.m */ = {isa = PBXFileReference; fileEncoding = 4; lastKnownFileType = sourcecode.c.objc; path = UITableViewNoDelay.m; sourceTree = "<group>"; };
/* End PBXFileReference section */

/* Begin PBXFrameworksBuildPhase section */
		43C234591922A17B006ED96E /* Frameworks */ = {
			isa = PBXFrameworksBuildPhase;
			buildActionMask = 2147483647;
			files = (
				432C51A21922EE3A00EB1929 /* SystemConfiguration.framework in Frameworks */,
				432C51A01922EE2F00EB1929 /* StoreKit.framework in Frameworks */,
				432C519E1922EE2900EB1929 /* MessageUI.framework in Frameworks */,
				432C519C1922EE2200EB1929 /* CoreTelephony.framework in Frameworks */,
				432C51B21922EF1700EB1929 /* libGoogleAdMobAds.a in Frameworks */,
				432C519A1922EE0E00EB1929 /* AVFoundation.framework in Frameworks */,
				432C51981922EE0500EB1929 /* AudioToolbox.framework in Frameworks */,
				432C51961922EDF600EB1929 /* AdSupport.framework in Frameworks */,
				43C234621922A17B006ED96E /* CoreGraphics.framework in Frameworks */,
				43C234641922A17B006ED96E /* UIKit.framework in Frameworks */,
				43C234601922A17B006ED96E /* Foundation.framework in Frameworks */,
			);
			runOnlyForDeploymentPostprocessing = 0;
		};
		43C2347D1922A17C006ED96E /* Frameworks */ = {
			isa = PBXFrameworksBuildPhase;
			buildActionMask = 2147483647;
			files = (
				43C234821922A17C006ED96E /* XCTest.framework in Frameworks */,
				43C234841922A17C006ED96E /* UIKit.framework in Frameworks */,
				43C234831922A17C006ED96E /* Foundation.framework in Frameworks */,
			);
			runOnlyForDeploymentPostprocessing = 0;
		};
/* End PBXFrameworksBuildPhase section */

/* Begin PBXGroup section */
		432C51311922C69500EB1929 /* API */ = {
			isa = PBXGroup;
			children = (
				432C51321922C6A600EB1929 /* API.h */,
				432C51331922C6A600EB1929 /* API.m */,
			);
			path = API;
			sourceTree = "<group>";
		};
		432C51351922C86500EB1929 /* Libs */ = {
			isa = PBXGroup;
			children = (
				6BEDDF791938A7FA00905C1E /* UITableViewNoDelay */,
				432C51A31922EF1700EB1929 /* Admob */,
				432C51421922C86500EB1929 /* AFNetworking */,
				432C51561922C86500EB1929 /* SDWebImage */,
				432C51741922C86500EB1929 /* ViewUtil */,
			);
			path = Libs;
			sourceTree = "<group>";
		};
		432C51421922C86500EB1929 /* AFNetworking */ = {
			isa = PBXGroup;
			children = (
				432C51431922C86500EB1929 /* AFHTTPRequestOperation.h */,
				432C51441922C86500EB1929 /* AFHTTPRequestOperation.m */,
				432C51451922C86500EB1929 /* AFHTTPRequestOperationManager.h */,
				432C51461922C86500EB1929 /* AFHTTPRequestOperationManager.m */,
				432C51471922C86500EB1929 /* AFHTTPSessionManager.h */,
				432C51481922C86500EB1929 /* AFHTTPSessionManager.m */,
				432C51491922C86500EB1929 /* AFNetworking.h */,
				432C514A1922C86500EB1929 /* AFNetworkReachabilityManager.h */,
				432C514B1922C86500EB1929 /* AFNetworkReachabilityManager.m */,
				432C514C1922C86500EB1929 /* AFSecurityPolicy.h */,
				432C514D1922C86500EB1929 /* AFSecurityPolicy.m */,
				432C514E1922C86500EB1929 /* AFURLConnectionOperation.h */,
				432C514F1922C86500EB1929 /* AFURLConnectionOperation.m */,
				432C51501922C86500EB1929 /* AFURLRequestSerialization.h */,
				432C51511922C86500EB1929 /* AFURLRequestSerialization.m */,
				432C51521922C86500EB1929 /* AFURLResponseSerialization.h */,
				432C51531922C86500EB1929 /* AFURLResponseSerialization.m */,
				432C51541922C86500EB1929 /* AFURLSessionManager.h */,
				432C51551922C86500EB1929 /* AFURLSessionManager.m */,
			);
			path = AFNetworking;
			sourceTree = "<group>";
		};
		432C51561922C86500EB1929 /* SDWebImage */ = {
			isa = PBXGroup;
			children = (
				432C51571922C86500EB1929 /* MKAnnotationView+WebCache.h */,
				432C51581922C86500EB1929 /* MKAnnotationView+WebCache.m */,
				432C51591922C86500EB1929 /* NSData+GIF.h */,
				432C515A1922C86500EB1929 /* NSData+GIF.m */,
				432C515B1922C86500EB1929 /* SDImageCache.h */,
				432C515C1922C86500EB1929 /* SDImageCache.m */,
				432C515D1922C86500EB1929 /* SDWebImageCompat.h */,
				432C515E1922C86500EB1929 /* SDWebImageCompat.m */,
				432C515F1922C86500EB1929 /* SDWebImageDecoder.h */,
				432C51601922C86500EB1929 /* SDWebImageDecoder.m */,
				432C51611922C86500EB1929 /* SDWebImageDownloader.h */,
				432C51621922C86500EB1929 /* SDWebImageDownloader.m */,
				432C51631922C86500EB1929 /* SDWebImageDownloaderOperation.h */,
				432C51641922C86500EB1929 /* SDWebImageDownloaderOperation.m */,
				432C51651922C86500EB1929 /* SDWebImageManager.h */,
				432C51661922C86500EB1929 /* SDWebImageManager.m */,
				432C51671922C86500EB1929 /* SDWebImageOperation.h */,
				432C51681922C86500EB1929 /* SDWebImagePrefetcher.h */,
				432C51691922C86500EB1929 /* SDWebImagePrefetcher.m */,
				432C516A1922C86500EB1929 /* UIButton+WebCache.h */,
				432C516B1922C86500EB1929 /* UIButton+WebCache.m */,
				432C516C1922C86500EB1929 /* UIImage+GIF.h */,
				432C516D1922C86500EB1929 /* UIImage+GIF.m */,
				432C516E1922C86500EB1929 /* UIImage+MultiFormat.h */,
				432C516F1922C86500EB1929 /* UIImage+MultiFormat.m */,
				432C51701922C86500EB1929 /* UIImage+WebP.h */,
				432C51711922C86500EB1929 /* UIImage+WebP.m */,
				432C51721922C86500EB1929 /* UIImageView+WebCache.h */,
				432C51731922C86500EB1929 /* UIImageView+WebCache.m */,
			);
			path = SDWebImage;
			sourceTree = "<group>";
		};
		432C51741922C86500EB1929 /* ViewUtil */ = {
			isa = PBXGroup;
			children = (
				432C51751922C86500EB1929 /* ViewUtil.h */,
				432C51761922C86500EB1929 /* ViewUtil.m */,
			);
			path = ViewUtil;
			sourceTree = "<group>";
		};
		432C51911922CECC00EB1929 /* CellVS */ = {
			isa = PBXGroup;
			children = (
				432C51921922CEE200EB1929 /* CellVS.h */,
				432C51931922CEE200EB1929 /* CellVS.m */,
			);
			path = CellVS;
			sourceTree = "<group>";
		};
		432C51A31922EF1700EB1929 /* Admob */ = {
			isa = PBXGroup;
			children = (
				432C51A41922EF1700EB1929 /* GADAdMobExtras.h */,
				432C51A51922EF1700EB1929 /* GADAdNetworkExtras.h */,
				432C51A61922EF1700EB1929 /* GADAdSize.h */,
				432C51A71922EF1700EB1929 /* GADBannerView.h */,
				432C51A81922EF1700EB1929 /* GADBannerViewDelegate.h */,
				432C51A91922EF1700EB1929 /* GADInAppPurchase.h */,
				432C51AA1922EF1700EB1929 /* GADInAppPurchaseDelegate.h */,
				432C51AB1922EF1700EB1929 /* GADInterstitial.h */,
				432C51AC1922EF1700EB1929 /* GADInterstitialDelegate.h */,
				432C51AD1922EF1700EB1929 /* GADModules.h */,
				432C51AE1922EF1700EB1929 /* GADRequest.h */,
				432C51AF1922EF1700EB1929 /* GADRequestError.h */,
				432C51B01922EF1700EB1929 /* libGoogleAdMobAds.a */,
				432C51B11922EF1700EB1929 /* README.txt */,
			);
			path = Admob;
			sourceTree = "<group>";
		};
		432C51B41922F73700EB1929 /* Images */ = {
			isa = PBXGroup;
			children = (
				6B88C90D19388FBE00622F4D /* Flag */,
				6BD6424B1937650B00FDF724 /* bg_cell.png */,
				6BD6424C1937650B00FDF724 /* bg_cell@2x.png */,
				6B430452193C54A3001BD6C4 /* bg_cell-iPad.png */,
				6B430453193C54A3001BD6C4 /* bg_cell-iPad@2x.png */,
				6BD64243193764F600FDF724 /* dot.png */,
				6BD64244193764F600FDF724 /* dot@2x.png */,
				432C51B51922F73700EB1929 /* end_of_line_icon.png */,
				432C51B61922F73700EB1929 /* end_of_line_icon@2x.png */,
			);
			path = Images;
			sourceTree = "<group>";
		};
		43C234531922A17B006ED96E = {
			isa = PBXGroup;
			children = (
				43C234651922A17B006ED96E /* world-cup-brazil */,
				43C234871922A17C006ED96E /* world-cup-brazilTests */,
				43C2345E1922A17B006ED96E /* Frameworks */,
				43C2345D1922A17B006ED96E /* Products */,
			);
			sourceTree = "<group>";
		};
		43C2345D1922A17B006ED96E /* Products */ = {
			isa = PBXGroup;
			children = (
				43C2345C1922A17B006ED96E /* world-cup-brazil.app */,
				43C234801922A17C006ED96E /* world-cup-brazilTests.xctest */,
			);
			name = Products;
			sourceTree = "<group>";
		};
		43C2345E1922A17B006ED96E /* Frameworks */ = {
			isa = PBXGroup;
			children = (
				432C51A11922EE3A00EB1929 /* SystemConfiguration.framework */,
				432C519F1922EE2F00EB1929 /* StoreKit.framework */,
				432C519D1922EE2900EB1929 /* MessageUI.framework */,
				432C519B1922EE2200EB1929 /* CoreTelephony.framework */,
				432C51991922EE0E00EB1929 /* AVFoundation.framework */,
				432C51971922EE0500EB1929 /* AudioToolbox.framework */,
				432C51951922EDF600EB1929 /* AdSupport.framework */,
				43C2345F1922A17B006ED96E /* Foundation.framework */,
				43C234611922A17B006ED96E /* CoreGraphics.framework */,
				43C234631922A17B006ED96E /* UIKit.framework */,
				43C234811922A17C006ED96E /* XCTest.framework */,
			);
			name = Frameworks;
			sourceTree = "<group>";
		};
		43C234651922A17B006ED96E /* world-cup-brazil */ = {
			isa = PBXGroup;
			children = (
				43C234711922A17B006ED96E /* Main_iPhone.storyboard */,
				43C234741922A17B006ED96E /* Main_iPad.storyboard */,
				6B88C7571938658600622F4D /* Font */,
				432C51B41922F73700EB1929 /* Images */,
				432C51351922C86500EB1929 /* Libs */,
				43C2346E1922A17B006ED96E /* WCAppDelegate.h */,
				43C2346F1922A17B006ED96E /* WCAppDelegate.m */,
				43C234771922A17B006ED96E /* WCViewController.h */,
				43C234781922A17B006ED96E /* WCViewController.m */,
				43F07F5E193D02A900C5E49E /* ViewPredict */,
				6B676D53193CA0E500829106 /* ViewTeamSchedule */,
				432C51911922CECC00EB1929 /* CellVS */,
				43C2347A1922A17B006ED96E /* Images.xcassets */,
				432C51311922C69500EB1929 /* API */,
				43C234661922A17B006ED96E /* Supporting Files */,
			);
			path = "world-cup-brazil";
			sourceTree = "<group>";
		};
		43C234661922A17B006ED96E /* Supporting Files */ = {
			isa = PBXGroup;
			children = (
				43C234671922A17B006ED96E /* world-cup-brazil-Info.plist */,
				43C234681922A17B006ED96E /* InfoPlist.strings */,
				43C2346B1922A17B006ED96E /* main.m */,
				43C2346D1922A17B006ED96E /* world-cup-brazil-Prefix.pch */,
			);
			name = "Supporting Files";
			sourceTree = "<group>";
		};
		43C234871922A17C006ED96E /* world-cup-brazilTests */ = {
			isa = PBXGroup;
			children = (
				43C2348D1922A17C006ED96E /* world_cup_brazilTests.m */,
				43C234881922A17C006ED96E /* Supporting Files */,
			);
			path = "world-cup-brazilTests";
			sourceTree = "<group>";
		};
		43C234881922A17C006ED96E /* Supporting Files */ = {
			isa = PBXGroup;
			children = (
				43C234891922A17C006ED96E /* world-cup-brazilTests-Info.plist */,
				43C2348A1922A17C006ED96E /* InfoPlist.strings */,
			);
			name = "Supporting Files";
			sourceTree = "<group>";
		};
		43F07F5E193D02A900C5E49E /* ViewPredict */ = {
			isa = PBXGroup;
			children = (
				43F07F5F193D02B500C5E49E /* ViewPredict.h */,
				43F07F60193D02B500C5E49E /* ViewPredict.m */,
			);
			path = ViewPredict;
			sourceTree = "<group>";
		};
		6B676D53193CA0E500829106 /* ViewTeamSchedule */ = {
			isa = PBXGroup;
			children = (
				6B676D54193CA0E500829106 /* ViewTeamSchedule.h */,
				6B676D55193CA0E500829106 /* ViewTeamSchedule.m */,
			);
			path = ViewTeamSchedule;
			sourceTree = "<group>";
		};
		6B88C7571938658600622F4D /* Font */ = {
			isa = PBXGroup;
			children = (
				6B88C7581938658600622F4D /* LICENSE.txt */,
				6B88C7591938658600622F4D /* OpenSans-Bold.ttf */,
				6B88C75A1938658600622F4D /* OpenSans-BoldItalic.ttf */,
				6B88C75B1938658600622F4D /* OpenSans-ExtraBold.ttf */,
				6B88C75C1938658600622F4D /* OpenSans-ExtraBoldItalic.ttf */,
				6B88C75D1938658600622F4D /* OpenSans-Italic.ttf */,
				6B88C75E1938658600622F4D /* OpenSans-Light.ttf */,
				6B88C75F1938658600622F4D /* OpenSans-LightItalic.ttf */,
				6B88C7601938658600622F4D /* OpenSans-Regular.ttf */,
				6B88C7611938658600622F4D /* OpenSans-Semibold.ttf */,
				6B88C7621938658600622F4D /* OpenSans-SemiboldItalic.ttf */,
			);
			path = Font;
			sourceTree = "<group>";
		};
		6B88C90D19388FBE00622F4D /* Flag */ = {
			isa = PBXGroup;
			children = (
				6B88C90E19388FBE00622F4D /* Algeria.png */,
				6B88C90F19388FBE00622F4D /* Argentina.png */,
				6B88C91019388FBE00622F4D /* Australia.png */,
				6B88C91119388FBE00622F4D /* Belgium.png */,
				6B88C91219388FBE00622F4D /* Bosnia And Herzegovina.png */,
				6B88C91319388FBE00622F4D /* Brazil.png */,
				6B88C91419388FBE00622F4D /* Cameroon.png */,
				6B88C91519388FBE00622F4D /* Chile.png */,
				6B88C91619388FBE00622F4D /* Colombia.png */,
				6B88C91719388FBE00622F4D /* Costa Rica.png */,
				6B88C91819388FBE00622F4D /* Côte D'ivoire.png */,
				6B88C91919388FBE00622F4D /* Croatia.png */,
				6B88C91A19388FBE00622F4D /* Ecuador.png */,
				6B88C91B19388FBE00622F4D /* England.png */,
				6B88C91C19388FBE00622F4D /* France.png */,
				6B88C91D19388FBE00622F4D /* Germany.png */,
				6B88C91E19388FBE00622F4D /* Ghana.png */,
				6B88C91F19388FBE00622F4D /* Greece.png */,
				6B88C92019388FBE00622F4D /* Honduras.png */,
				6B88C92119388FBE00622F4D /* Iran.png */,
				6B88C92219388FBE00622F4D /* Italy.png */,
				6B88C92319388FBE00622F4D /* Japan.png */,
				6B88C92419388FBE00622F4D /* Mexico.png */,
				6B88C92519388FBE00622F4D /* Netherlands.png */,
				6B88C92619388FBE00622F4D /* Nigeria.png */,
				6B88C92719388FBE00622F4D /* Portugal.png */,
				6B88C92819388FBE00622F4D /* Russia.png */,
				6B88C92919388FBE00622F4D /* Korea Republic.png */,
				6B88C92A19388FBE00622F4D /* Spain.png */,
				6B88C92B19388FBE00622F4D /* Switzerland.png */,
				6B88C92C19388FBE00622F4D /* Usa.png */,
				6B88C92D19388FBE00622F4D /* Unknown.png */,
				6B88C92E19388FBE00622F4D /* Uruguay.png */,
			);
			path = Flag;
			sourceTree = "<group>";
		};
		6BEDDF791938A7FA00905C1E /* UITableViewNoDelay */ = {
			isa = PBXGroup;
			children = (
				6BEDDF7A1938A7FA00905C1E /* UITableViewNoDelay.h */,
				6BEDDF7B1938A7FA00905C1E /* UITableViewNoDelay.m */,
			);
			path = UITableViewNoDelay;
			sourceTree = "<group>";
		};
/* End PBXGroup section */

/* Begin PBXNativeTarget section */
		43C2345B1922A17B006ED96E /* world-cup-brazil */ = {
			isa = PBXNativeTarget;
			buildConfigurationList = 43C234911922A17C006ED96E /* Build configuration list for PBXNativeTarget "world-cup-brazil" */;
			buildPhases = (
				43C234581922A17B006ED96E /* Sources */,
				43C234591922A17B006ED96E /* Frameworks */,
				43C2345A1922A17B006ED96E /* Resources */,
			);
			buildRules = (
			);
			dependencies = (
			);
			name = "world-cup-brazil";
			productName = "world-cup-brazil";
			productReference = 43C2345C1922A17B006ED96E /* world-cup-brazil.app */;
			productType = "com.apple.product-type.application";
		};
		43C2347F1922A17C006ED96E /* world-cup-brazilTests */ = {
			isa = PBXNativeTarget;
			buildConfigurationList = 43C234941922A17C006ED96E /* Build configuration list for PBXNativeTarget "world-cup-brazilTests" */;
			buildPhases = (
				43C2347C1922A17C006ED96E /* Sources */,
				43C2347D1922A17C006ED96E /* Frameworks */,
				43C2347E1922A17C006ED96E /* Resources */,
			);
			buildRules = (
			);
			dependencies = (
				43C234861922A17C006ED96E /* PBXTargetDependency */,
			);
			name = "world-cup-brazilTests";
			productName = "world-cup-brazilTests";
			productReference = 43C234801922A17C006ED96E /* world-cup-brazilTests.xctest */;
			productType = "com.apple.product-type.bundle.unit-test";
		};
/* End PBXNativeTarget section */

/* Begin PBXProject section */
		43C234541922A17B006ED96E /* Project object */ = {
			isa = PBXProject;
			attributes = {
				CLASSPREFIX = WC;
				LastUpgradeCheck = 0510;
				ORGANIZATIONNAME = hlpth;
				TargetAttributes = {
					43C2347F1922A17C006ED96E = {
						TestTargetID = 43C2345B1922A17B006ED96E;
					};
				};
			};
			buildConfigurationList = 43C234571922A17B006ED96E /* Build configuration list for PBXProject "world-cup-brazil" */;
			compatibilityVersion = "Xcode 3.2";
			developmentRegion = English;
			hasScannedForEncodings = 0;
			knownRegions = (
				en,
				Base,
			);
			mainGroup = 43C234531922A17B006ED96E;
			productRefGroup = 43C2345D1922A17B006ED96E /* Products */;
			projectDirPath = "";
			projectRoot = "";
			targets = (
				43C2345B1922A17B006ED96E /* world-cup-brazil */,
				43C2347F1922A17C006ED96E /* world-cup-brazilTests */,
			);
		};
/* End PBXProject section */

/* Begin PBXResourcesBuildPhase section */
		43C2345A1922A17B006ED96E /* Resources */ = {
			isa = PBXResourcesBuildPhase;
			buildActionMask = 2147483647;
			files = (
				6B88C93119388FBE00622F4D /* Australia.png in Resources */,
				6B88C7631938658600622F4D /* LICENSE.txt in Resources */,
				6B88C94419388FBE00622F4D /* Japan.png in Resources */,
				6B88C94F19388FBE00622F4D /* Uruguay.png in Resources */,
				6B88C94519388FBE00622F4D /* Mexico.png in Resources */,
				6BD64248193764F600FDF724 /* dot@2x.png in Resources */,
				43C234761922A17B006ED96E /* Main_iPad.storyboard in Resources */,
				6B88C93719388FBE00622F4D /* Colombia.png in Resources */,
				6B88C93A19388FBE00622F4D /* Croatia.png in Resources */,
				6BD6424D1937650B00FDF724 /* bg_cell.png in Resources */,
				6B88C93419388FBE00622F4D /* Brazil.png in Resources */,
				6B88C94019388FBE00622F4D /* Greece.png in Resources */,
				6B88C93819388FBE00622F4D /* Costa Rica.png in Resources */,
				6BD64247193764F600FDF724 /* dot.png in Resources */,
				6B88C94819388FBE00622F4D /* Portugal.png in Resources */,
				6B88C94119388FBE00622F4D /* Honduras.png in Resources */,
				43C2347B1922A17B006ED96E /* Images.xcassets in Resources */,
				6B88C93919388FBE00622F4D /* Côte D'ivoire.png in Resources */,
				6B88C7691938658600622F4D /* OpenSans-Light.ttf in Resources */,
				6B88C94D19388FBE00622F4D /* Usa.png in Resources */,
				6B88C93D19388FBE00622F4D /* France.png in Resources */,
				432C51B81922F73700EB1929 /* end_of_line_icon@2x.png in Resources */,
				6B430454193C54A3001BD6C4 /* bg_cell-iPad.png in Resources */,
				6B88C7671938658600622F4D /* OpenSans-ExtraBoldItalic.ttf in Resources */,
				6B88C93C19388FBE00622F4D /* England.png in Resources */,
				6B88C93019388FBE00622F4D /* Argentina.png in Resources */,
				43C234731922A17B006ED96E /* Main_iPhone.storyboard in Resources */,
				6B88C94A19388FBE00622F4D /* Korea Republic.png in Resources */,
				6B88C94719388FBE00622F4D /* Nigeria.png in Resources */,
				6B88C94219388FBE00622F4D /* Iran.png in Resources */,
				6B88C76D1938658600622F4D /* OpenSans-SemiboldItalic.ttf in Resources */,
				6B88C76B1938658600622F4D /* OpenSans-Regular.ttf in Resources */,
				43C2346A1922A17B006ED96E /* InfoPlist.strings in Resources */,
				6B88C93519388FBE00622F4D /* Cameroon.png in Resources */,
				6B88C93E19388FBE00622F4D /* Germany.png in Resources */,
				6B88C94B19388FBE00622F4D /* Spain.png in Resources */,
				6B88C93219388FBE00622F4D /* Belgium.png in Resources */,
				6B88C76C1938658600622F4D /* OpenSans-Semibold.ttf in Resources */,
				6B88C93F19388FBE00622F4D /* Ghana.png in Resources */,
				6BD6424E1937650B00FDF724 /* bg_cell@2x.png in Resources */,
				6B88C7651938658600622F4D /* OpenSans-BoldItalic.ttf in Resources */,
				6B430455193C54A3001BD6C4 /* bg_cell-iPad@2x.png in Resources */,
				6B88C7641938658600622F4D /* OpenSans-Bold.ttf in Resources */,
				6B88C7681938658600622F4D /* OpenSans-Italic.ttf in Resources */,
				6B88C94619388FBE00622F4D /* Netherlands.png in Resources */,
				6B88C94C19388FBE00622F4D /* Switzerland.png in Resources */,
				6B88C94319388FBE00622F4D /* Italy.png in Resources */,
				6B88C94E19388FBE00622F4D /* Unknown.png in Resources */,
				6B88C92F19388FBE00622F4D /* Algeria.png in Resources */,
				6B88C94919388FBE00622F4D /* Russia.png in Resources */,
				6B88C76A1938658600622F4D /* OpenSans-LightItalic.ttf in Resources */,
				6B88C93619388FBE00622F4D /* Chile.png in Resources */,
				6B88C93319388FBE00622F4D /* Bosnia And Herzegovina.png in Resources */,
				432C51B31922EF1700EB1929 /* README.txt in Resources */,
				432C51B71922F73700EB1929 /* end_of_line_icon.png in Resources */,
				6B88C93B19388FBE00622F4D /* Ecuador.png in Resources */,
				6B88C7661938658600622F4D /* OpenSans-ExtraBold.ttf in Resources */,
			);
			runOnlyForDeploymentPostprocessing = 0;
		};
		43C2347E1922A17C006ED96E /* Resources */ = {
			isa = PBXResourcesBuildPhase;
			buildActionMask = 2147483647;
			files = (
				43C2348C1922A17C006ED96E /* InfoPlist.strings in Resources */,
			);
			runOnlyForDeploymentPostprocessing = 0;
		};
/* End PBXResourcesBuildPhase section */

/* Begin PBXSourcesBuildPhase section */
		43C234581922A17B006ED96E /* Sources */ = {
			isa = PBXSourcesBuildPhase;
			buildActionMask = 2147483647;
			files = (
				43C234791922A17B006ED96E /* WCViewController.m in Sources */,
				432C518E1922C86500EB1929 /* UIImage+WebP.m in Sources */,
				6BEDDF7C1938A7FA00905C1E /* UITableViewNoDelay.m in Sources */,
				432C517D1922C86500EB1929 /* AFSecurityPolicy.m in Sources */,
				43C234701922A17B006ED96E /* WCAppDelegate.m in Sources */,
				432C517A1922C86500EB1929 /* AFHTTPRequestOperationManager.m in Sources */,
				432C517E1922C86500EB1929 /* AFURLConnectionOperation.m in Sources */,
				432C51901922C86500EB1929 /* ViewUtil.m in Sources */,
				432C51791922C86500EB1929 /* AFHTTPRequestOperation.m in Sources */,
				432C51881922C86500EB1929 /* SDWebImageDownloaderOperation.m in Sources */,
				432C51341922C6A600EB1929 /* API.m in Sources */,
				432C51841922C86500EB1929 /* SDImageCache.m in Sources */,
				432C517F1922C86500EB1929 /* AFURLRequestSerialization.m in Sources */,
				432C517B1922C86500EB1929 /* AFHTTPSessionManager.m in Sources */,
				43F07F61193D02B500C5E49E /* ViewPredict.m in Sources */,
				432C517C1922C86500EB1929 /* AFNetworkReachabilityManager.m in Sources */,
				432C51851922C86500EB1929 /* SDWebImageCompat.m in Sources */,
				432C51831922C86500EB1929 /* NSData+GIF.m in Sources */,
				432C51801922C86500EB1929 /* AFURLResponseSerialization.m in Sources */,
				432C51891922C86500EB1929 /* SDWebImageManager.m in Sources */,
				432C51871922C86500EB1929 /* SDWebImageDownloader.m in Sources */,
				432C51821922C86500EB1929 /* MKAnnotationView+WebCache.m in Sources */,
				432C518C1922C86500EB1929 /* UIImage+GIF.m in Sources */,
				432C51811922C86500EB1929 /* AFURLSessionManager.m in Sources */,
				432C518A1922C86500EB1929 /* SDWebImagePrefetcher.m in Sources */,
				432C518B1922C86500EB1929 /* UIButton+WebCache.m in Sources */,
				432C51941922CEE200EB1929 /* CellVS.m in Sources */,
				432C518F1922C86500EB1929 /* UIImageView+WebCache.m in Sources */,
				432C518D1922C86500EB1929 /* UIImage+MultiFormat.m in Sources */,
				432C51861922C86500EB1929 /* SDWebImageDecoder.m in Sources */,
				6B676D56193CA0E500829106 /* ViewTeamSchedule.m in Sources */,
				43C2346C1922A17B006ED96E /* main.m in Sources */,
			);
			runOnlyForDeploymentPostprocessing = 0;
		};
		43C2347C1922A17C006ED96E /* Sources */ = {
			isa = PBXSourcesBuildPhase;
			buildActionMask = 2147483647;
			files = (
				43C2348E1922A17C006ED96E /* world_cup_brazilTests.m in Sources */,
			);
			runOnlyForDeploymentPostprocessing = 0;
		};
/* End PBXSourcesBuildPhase section */

/* Begin PBXTargetDependency section */
		43C234861922A17C006ED96E /* PBXTargetDependency */ = {
			isa = PBXTargetDependency;
			target = 43C2345B1922A17B006ED96E /* world-cup-brazil */;
			targetProxy = 43C234851922A17C006ED96E /* PBXContainerItemProxy */;
		};
/* End PBXTargetDependency section */

/* Begin PBXVariantGroup section */
		43C234681922A17B006ED96E /* InfoPlist.strings */ = {
			isa = PBXVariantGroup;
			children = (
				43C234691922A17B006ED96E /* en */,
			);
			name = InfoPlist.strings;
			sourceTree = "<group>";
		};
		43C234711922A17B006ED96E /* Main_iPhone.storyboard */ = {
			isa = PBXVariantGroup;
			children = (
				43C234721922A17B006ED96E /* Base */,
			);
			name = Main_iPhone.storyboard;
			sourceTree = "<group>";
		};
		43C234741922A17B006ED96E /* Main_iPad.storyboard */ = {
			isa = PBXVariantGroup;
			children = (
				43C234751922A17B006ED96E /* Base */,
			);
			name = Main_iPad.storyboard;
			sourceTree = "<group>";
		};
		43C2348A1922A17C006ED96E /* InfoPlist.strings */ = {
			isa = PBXVariantGroup;
			children = (
				43C2348B1922A17C006ED96E /* en */,
			);
			name = InfoPlist.strings;
			sourceTree = "<group>";
		};
/* End PBXVariantGroup section */

/* Begin XCBuildConfiguration section */
		43C2348F1922A17C006ED96E /* Debug */ = {
			isa = XCBuildConfiguration;
			buildSettings = {
				ALWAYS_SEARCH_USER_PATHS = NO;
				CLANG_CXX_LANGUAGE_STANDARD = "gnu++0x";
				CLANG_CXX_LIBRARY = "libc++";
				CLANG_ENABLE_MODULES = YES;
				CLANG_ENABLE_OBJC_ARC = YES;
				CLANG_WARN_BOOL_CONVERSION = YES;
				CLANG_WARN_CONSTANT_CONVERSION = YES;
				CLANG_WARN_DIRECT_OBJC_ISA_USAGE = YES_ERROR;
				CLANG_WARN_EMPTY_BODY = YES;
				CLANG_WARN_ENUM_CONVERSION = YES;
				CLANG_WARN_INT_CONVERSION = YES;
				CLANG_WARN_OBJC_ROOT_CLASS = YES_ERROR;
				CLANG_WARN__DUPLICATE_METHOD_MATCH = YES;
				"CODE_SIGN_IDENTITY[sdk=iphoneos*]" = "iPhone Developer";
				COPY_PHASE_STRIP = NO;
				GCC_C_LANGUAGE_STANDARD = gnu99;
				GCC_DYNAMIC_NO_PIC = NO;
				GCC_OPTIMIZATION_LEVEL = 0;
				GCC_PREPROCESSOR_DEFINITIONS = (
					"DEBUG=1",
					"$(inherited)",
				);
				GCC_SYMBOLS_PRIVATE_EXTERN = NO;
				GCC_WARN_64_TO_32_BIT_CONVERSION = YES;
				GCC_WARN_ABOUT_RETURN_TYPE = YES_ERROR;
				GCC_WARN_UNDECLARED_SELECTOR = YES;
				GCC_WARN_UNINITIALIZED_AUTOS = YES_AGGRESSIVE;
				GCC_WARN_UNUSED_FUNCTION = YES;
				GCC_WARN_UNUSED_VARIABLE = YES;
				IPHONEOS_DEPLOYMENT_TARGET = 7.1;
				ONLY_ACTIVE_ARCH = YES;
				SDKROOT = iphoneos;
				TARGETED_DEVICE_FAMILY = "1,2";
			};
			name = Debug;
		};
		43C234901922A17C006ED96E /* Release */ = {
			isa = XCBuildConfiguration;
			buildSettings = {
				ALWAYS_SEARCH_USER_PATHS = NO;
				CLANG_CXX_LANGUAGE_STANDARD = "gnu++0x";
				CLANG_CXX_LIBRARY = "libc++";
				CLANG_ENABLE_MODULES = YES;
				CLANG_ENABLE_OBJC_ARC = YES;
				CLANG_WARN_BOOL_CONVERSION = YES;
				CLANG_WARN_CONSTANT_CONVERSION = YES;
				CLANG_WARN_DIRECT_OBJC_ISA_USAGE = YES_ERROR;
				CLANG_WARN_EMPTY_BODY = YES;
				CLANG_WARN_ENUM_CONVERSION = YES;
				CLANG_WARN_INT_CONVERSION = YES;
				CLANG_WARN_OBJC_ROOT_CLASS = YES_ERROR;
				CLANG_WARN__DUPLICATE_METHOD_MATCH = YES;
				"CODE_SIGN_IDENTITY[sdk=iphoneos*]" = "iPhone Developer";
				COPY_PHASE_STRIP = YES;
				ENABLE_NS_ASSERTIONS = NO;
				GCC_C_LANGUAGE_STANDARD = gnu99;
				GCC_WARN_64_TO_32_BIT_CONVERSION = YES;
				GCC_WARN_ABOUT_RETURN_TYPE = YES_ERROR;
				GCC_WARN_UNDECLARED_SELECTOR = YES;
				GCC_WARN_UNINITIALIZED_AUTOS = YES_AGGRESSIVE;
				GCC_WARN_UNUSED_FUNCTION = YES;
				GCC_WARN_UNUSED_VARIABLE = YES;
				IPHONEOS_DEPLOYMENT_TARGET = 7.1;
				SDKROOT = iphoneos;
				TARGETED_DEVICE_FAMILY = "1,2";
				VALIDATE_PRODUCT = YES;
			};
			name = Release;
		};
		43C234921922A17C006ED96E /* Debug */ = {
			isa = XCBuildConfiguration;
			buildSettings = {
				ASSETCATALOG_COMPILER_APPICON_NAME = AppIcon;
				ASSETCATALOG_COMPILER_LAUNCHIMAGE_NAME = LaunchImage;
				GCC_PRECOMPILE_PREFIX_HEADER = YES;
				GCC_PREFIX_HEADER = "world-cup-brazil/world-cup-brazil-Prefix.pch";
				INFOPLIST_FILE = "world-cup-brazil/world-cup-brazil-Info.plist";
				LIBRARY_SEARCH_PATHS = (
					"$(inherited)",
					"$(PROJECT_DIR)/world-cup-brazil/Libs/Admob",
				);
				OTHER_LDFLAGS = "-ObjC";
				PRODUCT_NAME = "$(TARGET_NAME)";
				WRAPPER_EXTENSION = app;
			};
			name = Debug;
		};
		43C234931922A17C006ED96E /* Release */ = {
			isa = XCBuildConfiguration;
			buildSettings = {
				ASSETCATALOG_COMPILER_APPICON_NAME = AppIcon;
				ASSETCATALOG_COMPILER_LAUNCHIMAGE_NAME = LaunchImage;
				GCC_PRECOMPILE_PREFIX_HEADER = YES;
				GCC_PREFIX_HEADER = "world-cup-brazil/world-cup-brazil-Prefix.pch";
				INFOPLIST_FILE = "world-cup-brazil/world-cup-brazil-Info.plist";
				LIBRARY_SEARCH_PATHS = (
					"$(inherited)",
					"$(PROJECT_DIR)/world-cup-brazil/Libs/Admob",
				);
				OTHER_LDFLAGS = "-ObjC";
				PRODUCT_NAME = "$(TARGET_NAME)";
				WRAPPER_EXTENSION = app;
			};
			name = Release;
		};
		43C234951922A17C006ED96E /* Debug */ = {
			isa = XCBuildConfiguration;
			buildSettings = {
				BUNDLE_LOADER = "$(BUILT_PRODUCTS_DIR)/world-cup-brazil.app/world-cup-brazil";
				FRAMEWORK_SEARCH_PATHS = (
					"$(SDKROOT)/Developer/Library/Frameworks",
					"$(inherited)",
					"$(DEVELOPER_FRAMEWORKS_DIR)",
				);
				GCC_PRECOMPILE_PREFIX_HEADER = YES;
				GCC_PREFIX_HEADER = "world-cup-brazil/world-cup-brazil-Prefix.pch";
				GCC_PREPROCESSOR_DEFINITIONS = (
					"DEBUG=1",
					"$(inherited)",
				);
				INFOPLIST_FILE = "world-cup-brazilTests/world-cup-brazilTests-Info.plist";
				PRODUCT_NAME = "$(TARGET_NAME)";
				TEST_HOST = "$(BUNDLE_LOADER)";
				WRAPPER_EXTENSION = xctest;
			};
			name = Debug;
		};
		43C234961922A17C006ED96E /* Release */ = {
			isa = XCBuildConfiguration;
			buildSettings = {
				BUNDLE_LOADER = "$(BUILT_PRODUCTS_DIR)/world-cup-brazil.app/world-cup-brazil";
				FRAMEWORK_SEARCH_PATHS = (
					"$(SDKROOT)/Developer/Library/Frameworks",
					"$(inherited)",
					"$(DEVELOPER_FRAMEWORKS_DIR)",
				);
				GCC_PRECOMPILE_PREFIX_HEADER = YES;
				GCC_PREFIX_HEADER = "world-cup-brazil/world-cup-brazil-Prefix.pch";
				INFOPLIST_FILE = "world-cup-brazilTests/world-cup-brazilTests-Info.plist";
				PRODUCT_NAME = "$(TARGET_NAME)";
				TEST_HOST = "$(BUNDLE_LOADER)";
				WRAPPER_EXTENSION = xctest;
			};
			name = Release;
		};
/* End XCBuildConfiguration section */

/* Begin XCConfigurationList section */
		43C234571922A17B006ED96E /* Build configuration list for PBXProject "world-cup-brazil" */ = {
			isa = XCConfigurationList;
			buildConfigurations = (
				43C2348F1922A17C006ED96E /* Debug */,
				43C234901922A17C006ED96E /* Release */,
			);
			defaultConfigurationIsVisible = 0;
			defaultConfigurationName = Release;
		};
		43C234911922A17C006ED96E /* Build configuration list for PBXNativeTarget "world-cup-brazil" */ = {
			isa = XCConfigurationList;
			buildConfigurations = (
				43C234921922A17C006ED96E /* Debug */,
				43C234931922A17C006ED96E /* Release */,
			);
			defaultConfigurationIsVisible = 0;
			defaultConfigurationName = Release;
		};
		43C234941922A17C006ED96E /* Build configuration list for PBXNativeTarget "world-cup-brazilTests" */ = {
			isa = XCConfigurationList;
			buildConfigurations = (
				43C234951922A17C006ED96E /* Debug */,
				43C234961922A17C006ED96E /* Release */,
			);
			defaultConfigurationIsVisible = 0;
			defaultConfigurationName = Release;
		};
/* End XCConfigurationList section */
	};
	rootObject = 43C234541922A17B006ED96E /* Project object */;
}
